
Microsoft Visual Studio Solution File, Format Version 12.00
# Visual Studio 2012
Project("{2150E333-8FDC-42A3-9474-1A3956D46DE8}") = "Mobile", "Mobile", "{0EF1A6CF-57CA-4A91-9955-7BC9BA84E171}"
EndProject
Project("{FAE04EC0-301F-11D3-BF4B-00C04F79EFBC}") = "Samariterm.Mobile", "Samariterm.Mobile\Samariterm.Mobile.csproj", "{039207AC-2037-4B0B-A200-23A680E73FD7}"
EndProject
Project("{FAE04EC0-301F-11D3-BF4B-00C04F79EFBC}") = "Samariterm.Mobile.iOS", "Samariterm.Mobile.iOS\Samariterm.Mobile.iOS.csproj", "{D7EAE7F5-2793-4CB5-9DBE-4B9FDE7D182E}"
EndProject
Project("{FAE04EC0-301F-11D3-BF4B-00C04F79EFBC}") = "Samariterm.Mobile.Droid", "Samariterm.Mobile.Droid\Samariterm.Mobile.Droid.csproj", "{741BF8CD-1951-4C21-8F10-CB40B87E237A}"
EndProject
Project("{FAE04EC0-301F-11D3-BF4B-00C04F79EFBC}") = "Samariterm.Mobile.UITests", "Samariterm.Mobile.UITests\Samariterm.Mobile.UITests.csproj", "{25FFE033-8AF3-4A04-A08C-94CEB2EB49FC}"
EndProject
Project("{FAE04EC0-301F-11D3-BF4B-00C04F79EFBC}") = "Samariterm.Core", "Samariterm.Core\Samariterm.Core.csproj", "{3EDCD048-0B52-408B-9E27-C507F4FB14E3}"
EndProject
Project("{2150E333-8FDC-42A3-9474-1A3956D46DE8}") = "Desktop", "Desktop", "{D602F808-3239-4FBF-9B43-4CFCC09C1812}"
EndProject
Project("{FAE04EC0-301F-11D3-BF4B-00C04F79EFBC}") = "Samariterm.Mac", "Samariterm.Mac\Samariterm.Mac.csproj", "{1BE0CCE6-CC8E-44B4-A365-56E236222594}"
EndProject
Project("{FAE04EC0-301F-11D3-BF4B-00C04F79EFBC}") = "Samariterm.Gtk", "Samariterm.Gtk\Samariterm.Gtk.csproj", "{8EBD2F90-3680-4951-A4D2-04F2BF5A61DD}"
EndProject
Project("{FAE04EC0-301F-11D3-BF4B-00C04F79EFBC}") = "Samariterm.Core.Mono", "Samariterm.Core.Mono\Samariterm.Core.Mono.csproj", "{0E44089B-8967-4117-A12F-6F0E31D480D2}"
EndProject
Project("{FAE04EC0-301F-11D3-BF4B-00C04F79EFBC}") = "Samariterm.Core.NetFx", "Samariterm.Core.NetFx\Samariterm.Core.NetFx.csproj", "{68A8AACE-4371-4D61-B984-09185E77C2ED}"
EndProject
Global
	GlobalSection(SolutionConfigurationPlatforms) = preSolution
		Debug|Any CPU = Debug|Any CPU
		Release|Any CPU = Release|Any CPU
		Debug|iPhoneSimulator = Debug|iPhoneSimulator
		Release|iPhone = Release|iPhone
		Release|iPhoneSimulator = Release|iPhoneSimulator
		Debug|iPhone = Debug|iPhone
	EndGlobalSection
	GlobalSection(ProjectConfigurationPlatforms) = postSolution
		{039207AC-2037-4B0B-A200-23A680E73FD7}.Debug|Any CPU.ActiveCfg = Debug|Any CPU
		{039207AC-2037-4B0B-A200-23A680E73FD7}.Debug|Any CPU.Build.0 = Debug|Any CPU
		{039207AC-2037-4B0B-A200-23A680E73FD7}.Release|Any CPU.ActiveCfg = Release|Any CPU
		{039207AC-2037-4B0B-A200-23A680E73FD7}.Release|Any CPU.Build.0 = Release|Any CPU
		{039207AC-2037-4B0B-A200-23A680E73FD7}.Debug|iPhoneSimulator.ActiveCfg = Debug|Any CPU
		{039207AC-2037-4B0B-A200-23A680E73FD7}.Debug|iPhoneSimulator.Build.0 = Debug|Any CPU
		{039207AC-2037-4B0B-A200-23A680E73FD7}.Release|iPhone.ActiveCfg = Release|Any CPU
		{039207AC-2037-4B0B-A200-23A680E73FD7}.Release|iPhone.Build.0 = Release|Any CPU
		{039207AC-2037-4B0B-A200-23A680E73FD7}.Release|iPhoneSimulator.ActiveCfg = Release|Any CPU
		{039207AC-2037-4B0B-A200-23A680E73FD7}.Release|iPhoneSimulator.Build.0 = Release|Any CPU
		{039207AC-2037-4B0B-A200-23A680E73FD7}.Debug|iPhone.ActiveCfg = Debug|Any CPU
		{039207AC-2037-4B0B-A200-23A680E73FD7}.Debug|iPhone.Build.0 = Debug|Any CPU
		{D7EAE7F5-2793-4CB5-9DBE-4B9FDE7D182E}.Debug|Any CPU.ActiveCfg = Debug|iPhoneSimulator
		{D7EAE7F5-2793-4CB5-9DBE-4B9FDE7D182E}.Debug|Any CPU.Build.0 = Debug|iPhoneSimulator
		{D7EAE7F5-2793-4CB5-9DBE-4B9FDE7D182E}.Release|Any CPU.ActiveCfg = Release|iPhone
		{D7EAE7F5-2793-4CB5-9DBE-4B9FDE7D182E}.Release|Any CPU.Build.0 = Release|iPhone
		{D7EAE7F5-2793-4CB5-9DBE-4B9FDE7D182E}.Debug|iPhoneSimulator.ActiveCfg = Debug|iPhoneSimulator
		{D7EAE7F5-2793-4CB5-9DBE-4B9FDE7D182E}.Debug|iPhoneSimulator.Build.0 = Debug|iPhoneSimulator
		{D7EAE7F5-2793-4CB5-9DBE-4B9FDE7D182E}.Release|iPhone.ActiveCfg = Release|iPhone
		{D7EAE7F5-2793-4CB5-9DBE-4B9FDE7D182E}.Release|iPhone.Build.0 = Release|iPhone
		{D7EAE7F5-2793-4CB5-9DBE-4B9FDE7D182E}.Release|iPhoneSimulator.ActiveCfg = Release|iPhoneSimulator
		{D7EAE7F5-2793-4CB5-9DBE-4B9FDE7D182E}.Release|iPhoneSimulator.Build.0 = Release|iPhoneSimulator
		{D7EAE7F5-2793-4CB5-9DBE-4B9FDE7D182E}.Debug|iPhone.ActiveCfg = Debug|iPhone
		{D7EAE7F5-2793-4CB5-9DBE-4B9FDE7D182E}.Debug|iPhone.Build.0 = Debug|iPhone
		{741BF8CD-1951-4C21-8F10-CB40B87E237A}.Debug|Any CPU.ActiveCfg = Debug|Any CPU
		{741BF8CD-1951-4C21-8F10-CB40B87E237A}.Debug|Any CPU.Build.0 = Debug|Any CPU
		{741BF8CD-1951-4C21-8F10-CB40B87E237A}.Release|Any CPU.ActiveCfg = Release|Any CPU
		{741BF8CD-1951-4C21-8F10-CB40B87E237A}.Release|Any CPU.Build.0 = Release|Any CPU
		{741BF8CD-1951-4C21-8F10-CB40B87E237A}.Debug|iPhoneSimulator.ActiveCfg = Debug|Any CPU
		{741BF8CD-1951-4C21-8F10-CB40B87E237A}.Debug|iPhoneSimulator.Build.0 = Debug|Any CPU
		{741BF8CD-1951-4C21-8F10-CB40B87E237A}.Release|iPhone.ActiveCfg = Release|Any CPU
		{741BF8CD-1951-4C21-8F10-CB40B87E237A}.Release|iPhone.Build.0 = Release|Any CPU
		{741BF8CD-1951-4C21-8F10-CB40B87E237A}.Release|iPhoneSimulator.ActiveCfg = Release|Any CPU
		{741BF8CD-1951-4C21-8F10-CB40B87E237A}.Release|iPhoneSimulator.Build.0 = Release|Any CPU
		{741BF8CD-1951-4C21-8F10-CB40B87E237A}.Debug|iPhone.ActiveCfg = Debug|Any CPU
		{741BF8CD-1951-4C21-8F10-CB40B87E237A}.Debug|iPhone.Build.0 = Debug|Any CPU
		{25FFE033-8AF3-4A04-A08C-94CEB2EB49FC}.Debug|Any CPU.ActiveCfg = Debug|Any CPU
		{25FFE033-8AF3-4A04-A08C-94CEB2EB49FC}.Debug|Any CPU.Build.0 = Debug|Any CPU
		{25FFE033-8AF3-4A04-A08C-94CEB2EB49FC}.Release|Any CPU.ActiveCfg = Release|Any CPU
		{25FFE033-8AF3-4A04-A08C-94CEB2EB49FC}.Release|Any CPU.Build.0 = Release|Any CPU
		{25FFE033-8AF3-4A04-A08C-94CEB2EB49FC}.Debug|iPhoneSimulator.ActiveCfg = Debug|Any CPU
		{25FFE033-8AF3-4A04-A08C-94CEB2EB49FC}.Debug|iPhoneSimulator.Build.0 = Debug|Any CPU
		{25FFE033-8AF3-4A04-A08C-94CEB2EB49FC}.Release|iPhone.ActiveCfg = Release|Any CPU
		{25FFE033-8AF3-4A04-A08C-94CEB2EB49FC}.Release|iPhone.Build.0 = Release|Any CPU
		{25FFE033-8AF3-4A04-A08C-94CEB2EB49FC}.Release|iPhoneSimulator.ActiveCfg = Release|Any CPU
		{25FFE033-8AF3-4A04-A08C-94CEB2EB49FC}.Release|iPhoneSimulator.Build.0 = Release|Any CPU
		{25FFE033-8AF3-4A04-A08C-94CEB2EB49FC}.Debug|iPhone.ActiveCfg = Debug|Any CPU
		{25FFE033-8AF3-4A04-A08C-94CEB2EB49FC}.Debug|iPhone.Build.0 = Debug|Any CPU
		{3EDCD048-0B52-408B-9E27-C507F4FB14E3}.Debug|Any CPU.ActiveCfg = Debug|Any CPU
		{3EDCD048-0B52-408B-9E27-C507F4FB14E3}.Debug|Any CPU.Build.0 = Debug|Any CPU
		{3EDCD048-0B52-408B-9E27-C507F4FB14E3}.Release|Any CPU.ActiveCfg = Release|Any CPU
		{3EDCD048-0B52-408B-9E27-C507F4FB14E3}.Release|Any CPU.Build.0 = Release|Any CPU
		{3EDCD048-0B52-408B-9E27-C507F4FB14E3}.Debug|iPhoneSimulator.ActiveCfg = Debug|Any CPU
		{3EDCD048-0B52-408B-9E27-C507F4FB14E3}.Debug|iPhoneSimulator.Build.0 = Debug|Any CPU
		{3EDCD048-0B52-408B-9E27-C507F4FB14E3}.Release|iPhone.ActiveCfg = Release|Any CPU
		{3EDCD048-0B52-408B-9E27-C507F4FB14E3}.Release|iPhone.Build.0 = Release|Any CPU
		{3EDCD048-0B52-408B-9E27-C507F4FB14E3}.Release|iPhoneSimulator.ActiveCfg = Release|Any CPU
		{3EDCD048-0B52-408B-9E27-C507F4FB14E3}.Release|iPhoneSimulator.Build.0 = Release|Any CPU
		{3EDCD048-0B52-408B-9E27-C507F4FB14E3}.Debug|iPhone.ActiveCfg = Debug|Any CPU
		{3EDCD048-0B52-408B-9E27-C507F4FB14E3}.Debug|iPhone.Build.0 = Debug|Any CPU
		{1BE0CCE6-CC8E-44B4-A365-56E236222594}.Debug|Any CPU.ActiveCfg = Debug|Any CPU
		{1BE0CCE6-CC8E-44B4-A365-56E236222594}.Debug|Any CPU.Build.0 = Debug|Any CPU
		{1BE0CCE6-CC8E-44B4-A365-56E236222594}.Release|Any CPU.ActiveCfg = Release|Any CPU
		{1BE0CCE6-CC8E-44B4-A365-56E236222594}.Release|Any CPU.Build.0 = Release|Any CPU
		{1BE0CCE6-CC8E-44B4-A365-56E236222594}.Debug|iPhoneSimulator.ActiveCfg = Debug|Any CPU
		{1BE0CCE6-CC8E-44B4-A365-56E236222594}.Debug|iPhoneSimulator.Build.0 = Debug|Any CPU
		{1BE0CCE6-CC8E-44B4-A365-56E236222594}.Release|iPhone.ActiveCfg = Release|Any CPU
		{1BE0CCE6-CC8E-44B4-A365-56E236222594}.Release|iPhone.Build.0 = Release|Any CPU
		{1BE0CCE6-CC8E-44B4-A365-56E236222594}.Release|iPhoneSimulator.ActiveCfg = Release|Any CPU
		{1BE0CCE6-CC8E-44B4-A365-56E236222594}.Release|iPhoneSimulator.Build.0 = Release|Any CPU
		{1BE0CCE6-CC8E-44B4-A365-56E236222594}.Debug|iPhone.ActiveCfg = Debug|Any CPU
		{1BE0CCE6-CC8E-44B4-A365-56E236222594}.Debug|iPhone.Build.0 = Debug|Any CPU
		{8EBD2F90-3680-4951-A4D2-04F2BF5A61DD}.Debug|Any CPU.ActiveCfg = Debug|Any CPU
		{8EBD2F90-3680-4951-A4D2-04F2BF5A61DD}.Debug|Any CPU.Build.0 = Debug|Any CPU
		{8EBD2F90-3680-4951-A4D2-04F2BF5A61DD}.Release|Any CPU.ActiveCfg = Release|Any CPU
		{8EBD2F90-3680-4951-A4D2-04F2BF5A61DD}.Release|Any CPU.Build.0 = Release|Any CPU
		{8EBD2F90-3680-4951-A4D2-04F2BF5A61DD}.Debug|iPhoneSimulator.ActiveCfg = Debug|Any CPU
		{8EBD2F90-3680-4951-A4D2-04F2BF5A61DD}.Debug|iPhoneSimulator.Build.0 = Debug|Any CPU
		{8EBD2F90-3680-4951-A4D2-04F2BF5A61DD}.Release|iPhone.ActiveCfg = Release|Any CPU
		{8EBD2F90-3680-4951-A4D2-04F2BF5A61DD}.Release|iPhone.Build.0 = Release|Any CPU
		{8EBD2F90-3680-4951-A4D2-04F2BF5A61DD}.Release|iPhoneSimulator.ActiveCfg = Release|Any CPU
		{8EBD2F90-3680-4951-A4D2-04F2BF5A61DD}.Release|iPhoneSimulator.Build.0 = Release|Any CPU
		{8EBD2F90-3680-4951-A4D2-04F2BF5A61DD}.Debug|iPhone.ActiveCfg = Debug|Any CPU
		{8EBD2F90-3680-4951-A4D2-04F2BF5A61DD}.Debug|iPhone.Build.0 = Debug|Any CPU
		{0E44089B-8967-4117-A12F-6F0E31D480D2}.Debug|Any CPU.ActiveCfg = Debug|Any CPU
		{0E44089B-8967-4117-A12F-6F0E31D480D2}.Debug|Any CPU.Build.0 = Debug|Any CPU
		{0E44089B-8967-4117-A12F-6F0E31D480D2}.Release|Any CPU.ActiveCfg = Release|Any CPU
		{0E44089B-8967-4117-A12F-6F0E31D480D2}.Release|Any CPU.Build.0 = Release|Any CPU
		{0E44089B-8967-4117-A12F-6F0E31D480D2}.Debug|iPhoneSimulator.ActiveCfg = Debug|Any CPU
		{0E44089B-8967-4117-A12F-6F0E31D480D2}.Debug|iPhoneSimulator.Build.0 = Debug|Any CPU
		{0E44089B-8967-4117-A12F-6F0E31D480D2}.Release|iPhone.ActiveCfg = Release|Any CPU
		{0E44089B-8967-4117-A12F-6F0E31D480D2}.Release|iPhone.Build.0 = Release|Any CPU
		{0E44089B-8967-4117-A12F-6F0E31D480D2}.Release|iPhoneSimulator.ActiveCfg = Release|Any CPU
		{0E44089B-8967-4117-A12F-6F0E31D480D2}.Release|iPhoneSimulator.Build.0 = Release|Any CPU
		{0E44089B-8967-4117-A12F-6F0E31D480D2}.Debug|iPhone.ActiveCfg = Debug|Any CPU
		{0E44089B-8967-4117-A12F-6F0E31D480D2}.Debug|iPhone.Build.0 = Debug|Any CPU
		{68A8AACE-4371-4D61-B984-09185E77C2ED}.Debug|Any CPU.ActiveCfg = Debug|Any CPU
		{68A8AACE-4371-4D61-B984-09185E77C2ED}.Debug|Any CPU.Build.0 = Debug|Any CPU
		{68A8AACE-4371-4D61-B984-09185E77C2ED}.Release|Any CPU.ActiveCfg = Release|Any CPU
		{68A8AACE-4371-4D61-B984-09185E77C2ED}.Release|Any CPU.Build.0 = Release|Any CPU
		{68A8AACE-4371-4D61-B984-09185E77C2ED}.Debug|iPhoneSimulator.ActiveCfg = Debug|Any CPU
		{68A8AACE-4371-4D61-B984-09185E77C2ED}.Debug|iPhoneSimulator.Build.0 = Debug|Any CPU
		{68A8AACE-4371-4D61-B984-09185E77C2ED}.Release|iPhone.ActiveCfg = Release|Any CPU
		{68A8AACE-4371-4D61-B984-09185E77C2ED}.Release|iPhone.Build.0 = Release|Any CPU
		{68A8AACE-4371-4D61-B984-09185E77C2ED}.Release|iPhoneSimulator.ActiveCfg = Release|Any CPU
		{68A8AACE-4371-4D61-B984-09185E77C2ED}.Release|iPhoneSimulator.Build.0 = Release|Any CPU
		{68A8AACE-4371-4D61-B984-09185E77C2ED}.Debug|iPhone.ActiveCfg = Debug|Any CPU
		{68A8AACE-4371-4D61-B984-09185E77C2ED}.Debug|iPhone.Build.0 = Debug|Any CPU
	EndGlobalSection
	GlobalSection(NestedProjects) = preSolution
		{039207AC-2037-4B0B-A200-23A680E73FD7} = {0EF1A6CF-57CA-4A91-9955-7BC9BA84E171}
		{D7EAE7F5-2793-4CB5-9DBE-4B9FDE7D182E} = {0EF1A6CF-57CA-4A91-9955-7BC9BA84E171}
		{741BF8CD-1951-4C21-8F10-CB40B87E237A} = {0EF1A6CF-57CA-4A91-9955-7BC9BA84E171}
		{25FFE033-8AF3-4A04-A08C-94CEB2EB49FC} = {0EF1A6CF-57CA-4A91-9955-7BC9BA84E171}
		{1BE0CCE6-CC8E-44B4-A365-56E236222594} = {D602F808-3239-4FBF-9B43-4CFCC09C1812}
		{8EBD2F90-3680-4951-A4D2-04F2BF5A61DD} = {D602F808-3239-4FBF-9B43-4CFCC09C1812}
	EndGlobalSection
EndGlobal
