Microsoft Visual Studio Solution File, Format Version 12.00
# Visual Studio 15
VisualStudioVersion = 15.0.27130.2026
MinimumVisualStudioVersion = 10.0.40219.1
Project("{2150E333-8FDC-42A3-9474-1A3956D46DE8}") = "Mobile", "Mobile", "{0EF1A6CF-57CA-4A91-9955-7BC9BA84E171}"
EndProject
Project("{2150E333-8FDC-42A3-9474-1A3956D46DE8}") = "Desktop", "Desktop", "{D602F808-3239-4FBF-9B43-4CFCC09C1812}"
EndProject
Project("{2150E333-8FDC-42A3-9474-1A3956D46DE8}") = "Core", "Core", "{2FD4FE5E-EDFB-4E75-8705-C6CF678F92C0}"
EndProject
Project("{2150E333-8FDC-42A3-9474-1A3956D46DE8}") = "Lib", "Lib", "{5747969E-61FD-45E8-ADF0-F6F0D7929640}"
EndProject
Project("{FAE04EC0-301F-11D3-BF4B-00C04F79EFBC}") = "Mono.TextEditor", "Mono.TextEditor\Mono.TextEditor.csproj", "{A2329308-3751-4DBD-9A75-5F7B8B024625}"
EndProject
Project("{FAE04EC0-301F-11D3-BF4B-00C04F79EFBC}") = "Termission.Core", "Termission.Core\Termission.Core.csproj", "{3EDCD048-0B52-408B-9E27-C507F4FB14E3}"
EndProject
Project("{FAE04EC0-301F-11D3-BF4B-00C04F79EFBC}") = "Termission.Core.Dotnet", "Termission.Core.Dotnet\Termission.Core.Dotnet.csproj", "{68A8AACE-4371-4D61-B984-09185E77C2ED}"
EndProject
Project("{FAE04EC0-301F-11D3-BF4B-00C04F79EFBC}") = "Termission.Core.Mono", "Termission.Core.Mono\Termission.Core.Mono.csproj", "{0E44089B-8967-4117-A12F-6F0E31D480D2}"
EndProject
Project("{FAE04EC0-301F-11D3-BF4B-00C04F79EFBC}") = "Termission.EtoForms", "Termission.EtoForms\Termission.EtoForms.csproj", "{BDC8B552-3E54-44F1-A703-F712D06B55C6}"
EndProject
Project("{FAE04EC0-301F-11D3-BF4B-00C04F79EFBC}") = "Termission.Gtk", "Termission.Gtk\Termission.Gtk.csproj", "{8EBD2F90-3680-4951-A4D2-04F2BF5A61DD}"
EndProject
Project("{FAE04EC0-301F-11D3-BF4B-00C04F79EFBC}") = "Termission.Mac", "Termission.Mac\Termission.Mac.csproj", "{1BE0CCE6-CC8E-44B4-A365-56E236222594}"
EndProject
Project("{FAE04EC0-301F-11D3-BF4B-00C04F79EFBC}") = "Termission.WinForms", "Termission.WinForms\Termission.WinForms.csproj", "{BFDB387B-728C-4EAC-97F1-D3ACB196AAA8}"
EndProject
Project("{FAE04EC0-301F-11D3-BF4B-00C04F79EFBC}") = "Termission.Wpf", "Termission.Wpf\Termission.Wpf.csproj", "{482CF3BF-50FD-43BB-9F71-29AE47E89032}"
EndProject
Project("{FAE04EC0-301F-11D3-BF4B-00C04F79EFBC}") = "Termission.Mobile", "Termission.Mobile\Termission.Mobile.csproj", "{039207AC-2037-4B0B-A200-23A680E73FD7}"
EndProject
Project("{FAE04EC0-301F-11D3-BF4B-00C04F79EFBC}") = "Termission.Mobile.iOS", "Termission.Mobile.iOS\Termission.Mobile.iOS.csproj", "{D7EAE7F5-2793-4CB5-9DBE-4B9FDE7D182E}"
EndProject
Global
	GlobalSection(SolutionConfigurationPlatforms) = preSolution
		Debug|Any CPU = Debug|Any CPU
		Debug|iPhone = Debug|iPhone
		Debug|iPhoneSimulator = Debug|iPhoneSimulator
		Release|Any CPU = Release|Any CPU
		Release|iPhone = Release|iPhone
		Release|iPhoneSimulator = Release|iPhoneSimulator
		Standalone|Any CPU = Standalone|Any CPU
		Standalone|iPhone = Standalone|iPhone
		Standalone|iPhoneSimulator = Standalone|iPhoneSimulator
	EndGlobalSection
	GlobalSection(ProjectConfigurationPlatforms) = postSolution
		{A2329308-3751-4DBD-9A75-5F7B8B024625}.Debug|Any CPU.ActiveCfg = Debug|Any CPU
		{A2329308-3751-4DBD-9A75-5F7B8B024625}.Debug|Any CPU.Build.0 = Debug|Any CPU
		{A2329308-3751-4DBD-9A75-5F7B8B024625}.Debug|iPhone.ActiveCfg = Debug|Any CPU
		{A2329308-3751-4DBD-9A75-5F7B8B024625}.Debug|iPhone.Build.0 = Debug|Any CPU
		{A2329308-3751-4DBD-9A75-5F7B8B024625}.Debug|iPhoneSimulator.ActiveCfg = Debug|Any CPU
		{A2329308-3751-4DBD-9A75-5F7B8B024625}.Debug|iPhoneSimulator.Build.0 = Debug|Any CPU
		{A2329308-3751-4DBD-9A75-5F7B8B024625}.Release|Any CPU.ActiveCfg = Release|Any CPU
		{A2329308-3751-4DBD-9A75-5F7B8B024625}.Release|Any CPU.Build.0 = Release|Any CPU
		{A2329308-3751-4DBD-9A75-5F7B8B024625}.Release|iPhone.ActiveCfg = Release|Any CPU
		{A2329308-3751-4DBD-9A75-5F7B8B024625}.Release|iPhone.Build.0 = Release|Any CPU
		{A2329308-3751-4DBD-9A75-5F7B8B024625}.Release|iPhoneSimulator.ActiveCfg = Release|Any CPU
		{A2329308-3751-4DBD-9A75-5F7B8B024625}.Release|iPhoneSimulator.Build.0 = Release|Any CPU
		{A2329308-3751-4DBD-9A75-5F7B8B024625}.Standalone|Any CPU.ActiveCfg = Standalone|Any CPU
		{A2329308-3751-4DBD-9A75-5F7B8B024625}.Standalone|Any CPU.Build.0 = Standalone|Any CPU
		{A2329308-3751-4DBD-9A75-5F7B8B024625}.Standalone|iPhone.ActiveCfg = Standalone|Any CPU
		{A2329308-3751-4DBD-9A75-5F7B8B024625}.Standalone|iPhone.Build.0 = Standalone|Any CPU
		{A2329308-3751-4DBD-9A75-5F7B8B024625}.Standalone|iPhoneSimulator.ActiveCfg = Standalone|Any CPU
		{A2329308-3751-4DBD-9A75-5F7B8B024625}.Standalone|iPhoneSimulator.Build.0 = Standalone|Any CPU
		{3EDCD048-0B52-408B-9E27-C507F4FB14E3}.Debug|Any CPU.ActiveCfg = Debug|Any CPU
		{3EDCD048-0B52-408B-9E27-C507F4FB14E3}.Debug|Any CPU.Build.0 = Debug|Any CPU
		{3EDCD048-0B52-408B-9E27-C507F4FB14E3}.Debug|iPhone.ActiveCfg = Debug|Any CPU
		{3EDCD048-0B52-408B-9E27-C507F4FB14E3}.Debug|iPhone.Build.0 = Debug|Any CPU
		{3EDCD048-0B52-408B-9E27-C507F4FB14E3}.Debug|iPhoneSimulator.ActiveCfg = Debug|Any CPU
		{3EDCD048-0B52-408B-9E27-C507F4FB14E3}.Debug|iPhoneSimulator.Build.0 = Debug|Any CPU
		{3EDCD048-0B52-408B-9E27-C507F4FB14E3}.Release|Any CPU.ActiveCfg = Release|Any CPU
		{3EDCD048-0B52-408B-9E27-C507F4FB14E3}.Release|Any CPU.Build.0 = Release|Any CPU
		{3EDCD048-0B52-408B-9E27-C507F4FB14E3}.Release|iPhone.ActiveCfg = Release|Any CPU
		{3EDCD048-0B52-408B-9E27-C507F4FB14E3}.Release|iPhone.Build.0 = Release|Any CPU
		{3EDCD048-0B52-408B-9E27-C507F4FB14E3}.Release|iPhoneSimulator.ActiveCfg = Release|Any CPU
		{3EDCD048-0B52-408B-9E27-C507F4FB14E3}.Release|iPhoneSimulator.Build.0 = Release|Any CPU
		{3EDCD048-0B52-408B-9E27-C507F4FB14E3}.Standalone|Any CPU.ActiveCfg = Debug|Any CPU
		{3EDCD048-0B52-408B-9E27-C507F4FB14E3}.Standalone|Any CPU.Build.0 = Debug|Any CPU
		{3EDCD048-0B52-408B-9E27-C507F4FB14E3}.Standalone|iPhone.ActiveCfg = Release|Any CPU
		{3EDCD048-0B52-408B-9E27-C507F4FB14E3}.Standalone|iPhone.Build.0 = Release|Any CPU
		{3EDCD048-0B52-408B-9E27-C507F4FB14E3}.Standalone|iPhoneSimulator.ActiveCfg = Release|Any CPU
		{3EDCD048-0B52-408B-9E27-C507F4FB14E3}.Standalone|iPhoneSimulator.Build.0 = Release|Any CPU
		{68A8AACE-4371-4D61-B984-09185E77C2ED}.Debug|Any CPU.ActiveCfg = Debug|Any CPU
		{68A8AACE-4371-4D61-B984-09185E77C2ED}.Debug|Any CPU.Build.0 = Debug|Any CPU
		{68A8AACE-4371-4D61-B984-09185E77C2ED}.Debug|iPhone.ActiveCfg = Debug|Any CPU
		{68A8AACE-4371-4D61-B984-09185E77C2ED}.Debug|iPhone.Build.0 = Debug|Any CPU
		{68A8AACE-4371-4D61-B984-09185E77C2ED}.Debug|iPhoneSimulator.ActiveCfg = Debug|Any CPU
		{68A8AACE-4371-4D61-B984-09185E77C2ED}.Debug|iPhoneSimulator.Build.0 = Debug|Any CPU
		{68A8AACE-4371-4D61-B984-09185E77C2ED}.Release|Any CPU.ActiveCfg = Release|Any CPU
		{68A8AACE-4371-4D61-B984-09185E77C2ED}.Release|Any CPU.Build.0 = Release|Any CPU
		{68A8AACE-4371-4D61-B984-09185E77C2ED}.Release|iPhone.ActiveCfg = Release|Any CPU
		{68A8AACE-4371-4D61-B984-09185E77C2ED}.Release|iPhone.Build.0 = Release|Any CPU
		{68A8AACE-4371-4D61-B984-09185E77C2ED}.Release|iPhoneSimulator.ActiveCfg = Release|Any CPU
		{68A8AACE-4371-4D61-B984-09185E77C2ED}.Release|iPhoneSimulator.Build.0 = Release|Any CPU
		{68A8AACE-4371-4D61-B984-09185E77C2ED}.Standalone|Any CPU.ActiveCfg = Debug|Any CPU
		{68A8AACE-4371-4D61-B984-09185E77C2ED}.Standalone|Any CPU.Build.0 = Debug|Any CPU
		{68A8AACE-4371-4D61-B984-09185E77C2ED}.Standalone|iPhone.ActiveCfg = Release|Any CPU
		{68A8AACE-4371-4D61-B984-09185E77C2ED}.Standalone|iPhone.Build.0 = Release|Any CPU
		{68A8AACE-4371-4D61-B984-09185E77C2ED}.Standalone|iPhoneSimulator.ActiveCfg = Release|Any CPU
		{68A8AACE-4371-4D61-B984-09185E77C2ED}.Standalone|iPhoneSimulator.Build.0 = Release|Any CPU
		{0E44089B-8967-4117-A12F-6F0E31D480D2}.Debug|Any CPU.ActiveCfg = Debug|Any CPU
		{0E44089B-8967-4117-A12F-6F0E31D480D2}.Debug|Any CPU.Build.0 = Debug|Any CPU
		{0E44089B-8967-4117-A12F-6F0E31D480D2}.Debug|iPhone.ActiveCfg = Debug|Any CPU
		{0E44089B-8967-4117-A12F-6F0E31D480D2}.Debug|iPhone.Build.0 = Debug|Any CPU
		{0E44089B-8967-4117-A12F-6F0E31D480D2}.Debug|iPhoneSimulator.ActiveCfg = Debug|Any CPU
		{0E44089B-8967-4117-A12F-6F0E31D480D2}.Debug|iPhoneSimulator.Build.0 = Debug|Any CPU
		{0E44089B-8967-4117-A12F-6F0E31D480D2}.Release|Any CPU.ActiveCfg = Release|Any CPU
		{0E44089B-8967-4117-A12F-6F0E31D480D2}.Release|Any CPU.Build.0 = Release|Any CPU
		{0E44089B-8967-4117-A12F-6F0E31D480D2}.Release|iPhone.ActiveCfg = Release|Any CPU
		{0E44089B-8967-4117-A12F-6F0E31D480D2}.Release|iPhone.Build.0 = Release|Any CPU
		{0E44089B-8967-4117-A12F-6F0E31D480D2}.Release|iPhoneSimulator.ActiveCfg = Release|Any CPU
		{0E44089B-8967-4117-A12F-6F0E31D480D2}.Release|iPhoneSimulator.Build.0 = Release|Any CPU
		{0E44089B-8967-4117-A12F-6F0E31D480D2}.Standalone|Any CPU.ActiveCfg = Debug|Any CPU
		{0E44089B-8967-4117-A12F-6F0E31D480D2}.Standalone|Any CPU.Build.0 = Debug|Any CPU
		{0E44089B-8967-4117-A12F-6F0E31D480D2}.Standalone|iPhone.ActiveCfg = Release|Any CPU
		{0E44089B-8967-4117-A12F-6F0E31D480D2}.Standalone|iPhone.Build.0 = Release|Any CPU
		{0E44089B-8967-4117-A12F-6F0E31D480D2}.Standalone|iPhoneSimulator.ActiveCfg = Release|Any CPU
		{0E44089B-8967-4117-A12F-6F0E31D480D2}.Standalone|iPhoneSimulator.Build.0 = Release|Any CPU
		{BDC8B552-3E54-44F1-A703-F712D06B55C6}.Debug|Any CPU.ActiveCfg = Debug|Any CPU
		{BDC8B552-3E54-44F1-A703-F712D06B55C6}.Debug|Any CPU.Build.0 = Debug|Any CPU
		{BDC8B552-3E54-44F1-A703-F712D06B55C6}.Debug|iPhone.ActiveCfg = Debug|Any CPU
		{BDC8B552-3E54-44F1-A703-F712D06B55C6}.Debug|iPhone.Build.0 = Debug|Any CPU
		{BDC8B552-3E54-44F1-A703-F712D06B55C6}.Debug|iPhoneSimulator.ActiveCfg = Debug|Any CPU
		{BDC8B552-3E54-44F1-A703-F712D06B55C6}.Debug|iPhoneSimulator.Build.0 = Debug|Any CPU
		{BDC8B552-3E54-44F1-A703-F712D06B55C6}.Release|Any CPU.ActiveCfg = Release|Any CPU
		{BDC8B552-3E54-44F1-A703-F712D06B55C6}.Release|Any CPU.Build.0 = Release|Any CPU
		{BDC8B552-3E54-44F1-A703-F712D06B55C6}.Release|iPhone.ActiveCfg = Release|Any CPU
		{BDC8B552-3E54-44F1-A703-F712D06B55C6}.Release|iPhone.Build.0 = Release|Any CPU
		{BDC8B552-3E54-44F1-A703-F712D06B55C6}.Release|iPhoneSimulator.ActiveCfg = Release|Any CPU
		{BDC8B552-3E54-44F1-A703-F712D06B55C6}.Release|iPhoneSimulator.Build.0 = Release|Any CPU
		{BDC8B552-3E54-44F1-A703-F712D06B55C6}.Standalone|Any CPU.ActiveCfg = Debug|Any CPU
		{BDC8B552-3E54-44F1-A703-F712D06B55C6}.Standalone|Any CPU.Build.0 = Debug|Any CPU
		{BDC8B552-3E54-44F1-A703-F712D06B55C6}.Standalone|iPhone.ActiveCfg = Release|Any CPU
		{BDC8B552-3E54-44F1-A703-F712D06B55C6}.Standalone|iPhone.Build.0 = Release|Any CPU
		{BDC8B552-3E54-44F1-A703-F712D06B55C6}.Standalone|iPhoneSimulator.ActiveCfg = Release|Any CPU
		{BDC8B552-3E54-44F1-A703-F712D06B55C6}.Standalone|iPhoneSimulator.Build.0 = Release|Any CPU
		{8EBD2F90-3680-4951-A4D2-04F2BF5A61DD}.Debug|Any CPU.ActiveCfg = Debug|Any CPU
		{8EBD2F90-3680-4951-A4D2-04F2BF5A61DD}.Debug|Any CPU.Build.0 = Debug|Any CPU
		{8EBD2F90-3680-4951-A4D2-04F2BF5A61DD}.Debug|iPhone.ActiveCfg = Debug|Any CPU
		{8EBD2F90-3680-4951-A4D2-04F2BF5A61DD}.Debug|iPhone.Build.0 = Debug|Any CPU
		{8EBD2F90-3680-4951-A4D2-04F2BF5A61DD}.Debug|iPhoneSimulator.ActiveCfg = Debug|Any CPU
		{8EBD2F90-3680-4951-A4D2-04F2BF5A61DD}.Debug|iPhoneSimulator.Build.0 = Debug|Any CPU
		{8EBD2F90-3680-4951-A4D2-04F2BF5A61DD}.Release|Any CPU.ActiveCfg = Release|Any CPU
		{8EBD2F90-3680-4951-A4D2-04F2BF5A61DD}.Release|Any CPU.Build.0 = Release|Any CPU
		{8EBD2F90-3680-4951-A4D2-04F2BF5A61DD}.Release|iPhone.ActiveCfg = Release|Any CPU
		{8EBD2F90-3680-4951-A4D2-04F2BF5A61DD}.Release|iPhone.Build.0 = Release|Any CPU
		{8EBD2F90-3680-4951-A4D2-04F2BF5A61DD}.Release|iPhoneSimulator.ActiveCfg = Release|Any CPU
		{8EBD2F90-3680-4951-A4D2-04F2BF5A61DD}.Release|iPhoneSimulator.Build.0 = Release|Any CPU
		{8EBD2F90-3680-4951-A4D2-04F2BF5A61DD}.Standalone|Any CPU.ActiveCfg = Debug|Any CPU
		{8EBD2F90-3680-4951-A4D2-04F2BF5A61DD}.Standalone|Any CPU.Build.0 = Debug|Any CPU
		{8EBD2F90-3680-4951-A4D2-04F2BF5A61DD}.Standalone|iPhone.ActiveCfg = Release|Any CPU
		{8EBD2F90-3680-4951-A4D2-04F2BF5A61DD}.Standalone|iPhone.Build.0 = Release|Any CPU
		{8EBD2F90-3680-4951-A4D2-04F2BF5A61DD}.Standalone|iPhoneSimulator.ActiveCfg = Release|Any CPU
		{8EBD2F90-3680-4951-A4D2-04F2BF5A61DD}.Standalone|iPhoneSimulator.Build.0 = Release|Any CPU
		{1BE0CCE6-CC8E-44B4-A365-56E236222594}.Debug|Any CPU.ActiveCfg = Debug|Any CPU
		{1BE0CCE6-CC8E-44B4-A365-56E236222594}.Debug|Any CPU.Build.0 = Debug|Any CPU
		{1BE0CCE6-CC8E-44B4-A365-56E236222594}.Debug|iPhone.ActiveCfg = Debug|Any CPU
		{1BE0CCE6-CC8E-44B4-A365-56E236222594}.Debug|iPhone.Build.0 = Debug|Any CPU
		{1BE0CCE6-CC8E-44B4-A365-56E236222594}.Debug|iPhoneSimulator.ActiveCfg = Debug|Any CPU
		{1BE0CCE6-CC8E-44B4-A365-56E236222594}.Debug|iPhoneSimulator.Build.0 = Debug|Any CPU
		{1BE0CCE6-CC8E-44B4-A365-56E236222594}.Release|Any CPU.ActiveCfg = Release|Any CPU
		{1BE0CCE6-CC8E-44B4-A365-56E236222594}.Release|Any CPU.Build.0 = Release|Any CPU
		{1BE0CCE6-CC8E-44B4-A365-56E236222594}.Release|iPhone.ActiveCfg = Release|Any CPU
		{1BE0CCE6-CC8E-44B4-A365-56E236222594}.Release|iPhone.Build.0 = Release|Any CPU
		{1BE0CCE6-CC8E-44B4-A365-56E236222594}.Release|iPhoneSimulator.ActiveCfg = Release|Any CPU
		{1BE0CCE6-CC8E-44B4-A365-56E236222594}.Release|iPhoneSimulator.Build.0 = Release|Any CPU
		{1BE0CCE6-CC8E-44B4-A365-56E236222594}.Standalone|Any CPU.ActiveCfg = Debug|Any CPU
		{1BE0CCE6-CC8E-44B4-A365-56E236222594}.Standalone|Any CPU.Build.0 = Debug|Any CPU
		{1BE0CCE6-CC8E-44B4-A365-56E236222594}.Standalone|iPhone.ActiveCfg = Release|Any CPU
		{1BE0CCE6-CC8E-44B4-A365-56E236222594}.Standalone|iPhone.Build.0 = Release|Any CPU
		{1BE0CCE6-CC8E-44B4-A365-56E236222594}.Standalone|iPhoneSimulator.ActiveCfg = Release|Any CPU
		{1BE0CCE6-CC8E-44B4-A365-56E236222594}.Standalone|iPhoneSimulator.Build.0 = Release|Any CPU
		{BFDB387B-728C-4EAC-97F1-D3ACB196AAA8}.Debug|Any CPU.ActiveCfg = Debug|Any CPU
		{BFDB387B-728C-4EAC-97F1-D3ACB196AAA8}.Debug|Any CPU.Build.0 = Debug|Any CPU
		{BFDB387B-728C-4EAC-97F1-D3ACB196AAA8}.Debug|iPhone.ActiveCfg = Debug|Any CPU
		{BFDB387B-728C-4EAC-97F1-D3ACB196AAA8}.Debug|iPhone.Build.0 = Debug|Any CPU
		{BFDB387B-728C-4EAC-97F1-D3ACB196AAA8}.Debug|iPhoneSimulator.ActiveCfg = Debug|Any CPU
		{BFDB387B-728C-4EAC-97F1-D3ACB196AAA8}.Debug|iPhoneSimulator.Build.0 = Debug|Any CPU
		{BFDB387B-728C-4EAC-97F1-D3ACB196AAA8}.Release|Any CPU.ActiveCfg = Release|Any CPU
		{BFDB387B-728C-4EAC-97F1-D3ACB196AAA8}.Release|Any CPU.Build.0 = Release|Any CPU
		{BFDB387B-728C-4EAC-97F1-D3ACB196AAA8}.Release|iPhone.ActiveCfg = Release|Any CPU
		{BFDB387B-728C-4EAC-97F1-D3ACB196AAA8}.Release|iPhone.Build.0 = Release|Any CPU
		{BFDB387B-728C-4EAC-97F1-D3ACB196AAA8}.Release|iPhoneSimulator.ActiveCfg = Release|Any CPU
		{BFDB387B-728C-4EAC-97F1-D3ACB196AAA8}.Release|iPhoneSimulator.Build.0 = Release|Any CPU
		{BFDB387B-728C-4EAC-97F1-D3ACB196AAA8}.Standalone|Any CPU.ActiveCfg = Release|Any CPU
		{BFDB387B-728C-4EAC-97F1-D3ACB196AAA8}.Standalone|Any CPU.Build.0 = Release|Any CPU
		{BFDB387B-728C-4EAC-97F1-D3ACB196AAA8}.Standalone|iPhone.ActiveCfg = Release|Any CPU
		{BFDB387B-728C-4EAC-97F1-D3ACB196AAA8}.Standalone|iPhone.Build.0 = Release|Any CPU
		{BFDB387B-728C-4EAC-97F1-D3ACB196AAA8}.Standalone|iPhoneSimulator.ActiveCfg = Release|Any CPU
		{BFDB387B-728C-4EAC-97F1-D3ACB196AAA8}.Standalone|iPhoneSimulator.Build.0 = Release|Any CPU
		{482CF3BF-50FD-43BB-9F71-29AE47E89032}.Debug|Any CPU.ActiveCfg = Debug|Any CPU
		{482CF3BF-50FD-43BB-9F71-29AE47E89032}.Debug|Any CPU.Build.0 = Debug|Any CPU
		{482CF3BF-50FD-43BB-9F71-29AE47E89032}.Debug|iPhone.ActiveCfg = Debug|Any CPU
		{482CF3BF-50FD-43BB-9F71-29AE47E89032}.Debug|iPhone.Build.0 = Debug|Any CPU
		{482CF3BF-50FD-43BB-9F71-29AE47E89032}.Debug|iPhoneSimulator.ActiveCfg = Debug|Any CPU
		{482CF3BF-50FD-43BB-9F71-29AE47E89032}.Debug|iPhoneSimulator.Build.0 = Debug|Any CPU
		{482CF3BF-50FD-43BB-9F71-29AE47E89032}.Release|Any CPU.ActiveCfg = Release|Any CPU
		{482CF3BF-50FD-43BB-9F71-29AE47E89032}.Release|Any CPU.Build.0 = Release|Any CPU
		{482CF3BF-50FD-43BB-9F71-29AE47E89032}.Release|iPhone.ActiveCfg = Release|Any CPU
		{482CF3BF-50FD-43BB-9F71-29AE47E89032}.Release|iPhone.Build.0 = Release|Any CPU
		{482CF3BF-50FD-43BB-9F71-29AE47E89032}.Release|iPhoneSimulator.ActiveCfg = Release|Any CPU
		{482CF3BF-50FD-43BB-9F71-29AE47E89032}.Release|iPhoneSimulator.Build.0 = Release|Any CPU
		{482CF3BF-50FD-43BB-9F71-29AE47E89032}.Standalone|Any CPU.ActiveCfg = Release|Any CPU
		{482CF3BF-50FD-43BB-9F71-29AE47E89032}.Standalone|Any CPU.Build.0 = Release|Any CPU
		{482CF3BF-50FD-43BB-9F71-29AE47E89032}.Standalone|iPhone.ActiveCfg = Release|Any CPU
		{482CF3BF-50FD-43BB-9F71-29AE47E89032}.Standalone|iPhone.Build.0 = Release|Any CPU
		{482CF3BF-50FD-43BB-9F71-29AE47E89032}.Standalone|iPhoneSimulator.ActiveCfg = Release|Any CPU
		{482CF3BF-50FD-43BB-9F71-29AE47E89032}.Standalone|iPhoneSimulator.Build.0 = Release|Any CPU
		{039207AC-2037-4B0B-A200-23A680E73FD7}.Debug|Any CPU.ActiveCfg = Debug|Any CPU
		{039207AC-2037-4B0B-A200-23A680E73FD7}.Debug|Any CPU.Build.0 = Debug|Any CPU
		{039207AC-2037-4B0B-A200-23A680E73FD7}.Debug|iPhone.ActiveCfg = Debug|Any CPU
		{039207AC-2037-4B0B-A200-23A680E73FD7}.Debug|iPhone.Build.0 = Debug|Any CPU
		{039207AC-2037-4B0B-A200-23A680E73FD7}.Debug|iPhoneSimulator.ActiveCfg = Debug|Any CPU
		{039207AC-2037-4B0B-A200-23A680E73FD7}.Debug|iPhoneSimulator.Build.0 = Debug|Any CPU
		{039207AC-2037-4B0B-A200-23A680E73FD7}.Release|Any CPU.ActiveCfg = Release|Any CPU
		{039207AC-2037-4B0B-A200-23A680E73FD7}.Release|Any CPU.Build.0 = Release|Any CPU
		{039207AC-2037-4B0B-A200-23A680E73FD7}.Release|iPhone.ActiveCfg = Release|Any CPU
		{039207AC-2037-4B0B-A200-23A680E73FD7}.Release|iPhone.Build.0 = Release|Any CPU
		{039207AC-2037-4B0B-A200-23A680E73FD7}.Release|iPhoneSimulator.ActiveCfg = Release|Any CPU
		{039207AC-2037-4B0B-A200-23A680E73FD7}.Release|iPhoneSimulator.Build.0 = Release|Any CPU
		{039207AC-2037-4B0B-A200-23A680E73FD7}.Standalone|Any CPU.ActiveCfg = Debug|Any CPU
		{039207AC-2037-4B0B-A200-23A680E73FD7}.Standalone|Any CPU.Build.0 = Debug|Any CPU
		{039207AC-2037-4B0B-A200-23A680E73FD7}.Standalone|iPhone.ActiveCfg = Release|Any CPU
		{039207AC-2037-4B0B-A200-23A680E73FD7}.Standalone|iPhone.Build.0 = Release|Any CPU
		{039207AC-2037-4B0B-A200-23A680E73FD7}.Standalone|iPhoneSimulator.ActiveCfg = Release|Any CPU
		{039207AC-2037-4B0B-A200-23A680E73FD7}.Standalone|iPhoneSimulator.Build.0 = Release|Any CPU
		{D7EAE7F5-2793-4CB5-9DBE-4B9FDE7D182E}.Debug|Any CPU.ActiveCfg = Debug|iPhoneSimulator
		{D7EAE7F5-2793-4CB5-9DBE-4B9FDE7D182E}.Debug|Any CPU.Build.0 = Debug|iPhoneSimulator
		{D7EAE7F5-2793-4CB5-9DBE-4B9FDE7D182E}.Debug|iPhone.ActiveCfg = Debug|iPhone
		{D7EAE7F5-2793-4CB5-9DBE-4B9FDE7D182E}.Debug|iPhone.Build.0 = Debug|iPhone
		{D7EAE7F5-2793-4CB5-9DBE-4B9FDE7D182E}.Debug|iPhoneSimulator.ActiveCfg = Debug|iPhoneSimulator
		{D7EAE7F5-2793-4CB5-9DBE-4B9FDE7D182E}.Debug|iPhoneSimulator.Build.0 = Debug|iPhoneSimulator
		{D7EAE7F5-2793-4CB5-9DBE-4B9FDE7D182E}.Release|Any CPU.ActiveCfg = Release|iPhone
		{D7EAE7F5-2793-4CB5-9DBE-4B9FDE7D182E}.Release|Any CPU.Build.0 = Release|iPhone
		{D7EAE7F5-2793-4CB5-9DBE-4B9FDE7D182E}.Release|iPhone.ActiveCfg = Release|iPhone
		{D7EAE7F5-2793-4CB5-9DBE-4B9FDE7D182E}.Release|iPhone.Build.0 = Release|iPhone
		{D7EAE7F5-2793-4CB5-9DBE-4B9FDE7D182E}.Release|iPhoneSimulator.ActiveCfg = Release|iPhoneSimulator
		{D7EAE7F5-2793-4CB5-9DBE-4B9FDE7D182E}.Release|iPhoneSimulator.Build.0 = Release|iPhoneSimulator
		{D7EAE7F5-2793-4CB5-9DBE-4B9FDE7D182E}.Standalone|Any CPU.ActiveCfg = Debug|iPhoneSimulator
		{D7EAE7F5-2793-4CB5-9DBE-4B9FDE7D182E}.Standalone|Any CPU.Build.0 = Debug|iPhoneSimulator
		{D7EAE7F5-2793-4CB5-9DBE-4B9FDE7D182E}.Standalone|iPhone.ActiveCfg = Release|iPhone
		{D7EAE7F5-2793-4CB5-9DBE-4B9FDE7D182E}.Standalone|iPhone.Build.0 = Release|iPhone
		{D7EAE7F5-2793-4CB5-9DBE-4B9FDE7D182E}.Standalone|iPhoneSimulator.ActiveCfg = Debug|iPhoneSimulator
		{D7EAE7F5-2793-4CB5-9DBE-4B9FDE7D182E}.Standalone|iPhoneSimulator.Build.0 = Debug|iPhoneSimulator
	EndGlobalSection
	GlobalSection(SolutionProperties) = preSolution
		HideSolutionNode = FALSE
	EndGlobalSection
	GlobalSection(NestedProjects) = preSolution
		{A2329308-3751-4DBD-9A75-5F7B8B024625} = {5747969E-61FD-45E8-ADF0-F6F0D7929640}
		{3EDCD048-0B52-408B-9E27-C507F4FB14E3} = {2FD4FE5E-EDFB-4E75-8705-C6CF678F92C0}
		{68A8AACE-4371-4D61-B984-09185E77C2ED} = {2FD4FE5E-EDFB-4E75-8705-C6CF678F92C0}
		{0E44089B-8967-4117-A12F-6F0E31D480D2} = {2FD4FE5E-EDFB-4E75-8705-C6CF678F92C0}
		{BDC8B552-3E54-44F1-A703-F712D06B55C6} = {D602F808-3239-4FBF-9B43-4CFCC09C1812}
		{8EBD2F90-3680-4951-A4D2-04F2BF5A61DD} = {D602F808-3239-4FBF-9B43-4CFCC09C1812}
		{1BE0CCE6-CC8E-44B4-A365-56E236222594} = {D602F808-3239-4FBF-9B43-4CFCC09C1812}
		{BFDB387B-728C-4EAC-97F1-D3ACB196AAA8} = {D602F808-3239-4FBF-9B43-4CFCC09C1812}
		{482CF3BF-50FD-43BB-9F71-29AE47E89032} = {D602F808-3239-4FBF-9B43-4CFCC09C1812}
		{039207AC-2037-4B0B-A200-23A680E73FD7} = {0EF1A6CF-57CA-4A91-9955-7BC9BA84E171}
		{D7EAE7F5-2793-4CB5-9DBE-4B9FDE7D182E} = {0EF1A6CF-57CA-4A91-9955-7BC9BA84E171}
	EndGlobalSection
	GlobalSection(ExtensibilityGlobals) = postSolution
		SolutionGuid = {E0192AC8-3C08-4C66-B288-D98C944A45D9}
	EndGlobalSection
EndGlobal
