
Microsoft Visual Studio Solution File, Format Version 12.00
# Visual Studio 15
VisualStudioVersion = 15.0.27130.2026
MinimumVisualStudioVersion = 10.0.40219.1
Project("{FAE04EC0-301F-11D3-BF4B-00C04F79EFBC}") = "Termission.WinForms", "Termission.WinForms\Termission.WinForms.csproj", "{387F2B2D-115F-4982-80DC-2B84443D6266}"
EndProject
Project("{FAE04EC0-301F-11D3-BF4B-00C04F79EFBC}") = "Termission.Wpf", "Termission.Wpf\Termission.Wpf.csproj", "{7A41414D-77E2-4827-87A9-5E716A4A419D}"
EndProject
Project("{FAE04EC0-301F-11D3-BF4B-00C04F79EFBC}") = "Termission.XamMac", "Termission.XamMac\Termission.XamMac.csproj", "{47C59A57-6220-4C6C-ADBB-5F1C038A3012}"
EndProject
Project("{FAE04EC0-301F-11D3-BF4B-00C04F79EFBC}") = "Termission.Core", "Termission.Core\Termission.Core.csproj", "{E22FBA6B-804E-48C4-BF28-A4B8B6642461}"
EndProject
Project("{FAE04EC0-301F-11D3-BF4B-00C04F79EFBC}") = "Termission.Core.Dotnet", "Termission.Core.Dotnet\Termission.Core.Dotnet.csproj", "{696EBE0F-E2AF-46D5-A577-D6FF2F2860A5}"
EndProject
Project("{FAE04EC0-301F-11D3-BF4B-00C04F79EFBC}") = "Termission.Core.Mono", "Termission.Core.Mono\Termission.Core.Mono.csproj", "{D2A838BC-1003-4169-A2E0-16CE0A5326E1}"
EndProject
Project("{FAE04EC0-301F-11D3-BF4B-00C04F79EFBC}") = "Termission.EtoForms", "Termission.EtoForms\Termission.EtoForms.csproj", "{24C1E28F-25B3-4AD3-9053-A3CB307DEE54}"
EndProject
Project("{FAE04EC0-301F-11D3-BF4B-00C04F79EFBC}") = "Mono.TextEditor", "Mono.TextEditor\Mono.TextEditor.csproj", "{A2329308-3751-4DBD-9A75-5F7B8B024625}"
EndProject
Project("{930C7802-8A8C-48F9-8165-68863BCCD9DD}") = "Termission.WinSetup", "Termission.WinSetup\Termission.WinSetup.wixproj", "{B8D15188-F8DE-470B-8B60-F41F3CB0DA85}"
EndProject
Project("{FAE04EC0-301F-11D3-BF4B-00C04F79EFBC}") = "Termission.Mobile", "Termission.Mobile\Termission.Mobile.csproj", "{E1FD3705-749B-4E56-8A09-3D067DE5184D}"
EndProject
Project("{FAE04EC0-301F-11D3-BF4B-00C04F79EFBC}") = "Termission.Mobile.Android", "Termission.Mobile.Android\Termission.Mobile.Android.csproj", "{CFCA35FD-7D79-4DD6-8208-91F701DCAC1E}"
EndProject
Project("{FAE04EC0-301F-11D3-BF4B-00C04F79EFBC}") = "Termission.Mobile.iOS", "Termission.Mobile.iOS\Termission.Mobile.iOS.csproj", "{F6A287A7-A8EF-4890-940E-64C069B86B1C}"
EndProject
Project("{FAE04EC0-301F-11D3-BF4B-00C04F79EFBC}") = "Termission.Mobile.UITests", "Termission.Mobile.UITests\Termission.Mobile.UITests.csproj", "{B19C892E-2628-4CA7-AD27-08D406A3B14B}"
EndProject
Project("{2150E333-8FDC-42A3-9474-1A3956D46DE8}") = "Core", "Core", "{C0614B59-7A6D-4A9E-BD85-ECA1B8560F41}"
EndProject
Project("{2150E333-8FDC-42A3-9474-1A3956D46DE8}") = "Desktop", "Desktop", "{2A0F6C0B-7424-46D2-8ECC-960BB3490B4F}"
EndProject
Project("{2150E333-8FDC-42A3-9474-1A3956D46DE8}") = "Mobile", "Mobile", "{475DFE5F-90F8-424E-8A56-DC862274017D}"
EndProject
Project("{2150E333-8FDC-42A3-9474-1A3956D46DE8}") = "Lib", "Lib", "{8F9B01B3-32BD-488B-B17F-84FF91202F20}"
EndProject
Project("{2150E333-8FDC-42A3-9474-1A3956D46DE8}") = "Setup", "Setup", "{5FA978B9-CD43-41E9-B372-E562A318FCCB}"
EndProject
Project("{FAE04EC0-301F-11D3-BF4B-00C04F79EFBC}") = "Termission.Gtk", "Termission.Gtk\Termission.Gtk.csproj", "{88D40798-93A7-4FD9-AFC6-2133B7051B42}"
EndProject
Project("{FAE04EC0-301F-11D3-BF4B-00C04F79EFBC}") = "Termission.GtkSharp", "Termission.GtkSharp\Termission.GtkSharp.csproj", "{C0A5A19B-954D-4693-AB1A-75DA43A49BFA}"
EndProject
Global
	GlobalSection(SolutionConfigurationPlatforms) = preSolution
		Ad-Hoc|Any CPU = Ad-Hoc|Any CPU
		Ad-Hoc|iPhone = Ad-Hoc|iPhone
		Ad-Hoc|iPhoneSimulator = Ad-Hoc|iPhoneSimulator
		Ad-Hoc|x86 = Ad-Hoc|x86
		AppStore|Any CPU = AppStore|Any CPU
		AppStore|iPhone = AppStore|iPhone
		AppStore|iPhoneSimulator = AppStore|iPhoneSimulator
		AppStore|x86 = AppStore|x86
		Debug|Any CPU = Debug|Any CPU
		Debug|iPhone = Debug|iPhone
		Debug|iPhoneSimulator = Debug|iPhoneSimulator
		Debug|x86 = Debug|x86
		Release|Any CPU = Release|Any CPU
		Release|iPhone = Release|iPhone
		Release|iPhoneSimulator = Release|iPhoneSimulator
		Release|x86 = Release|x86
		Standalone|Any CPU = Standalone|Any CPU
		Standalone|iPhone = Standalone|iPhone
		Standalone|iPhoneSimulator = Standalone|iPhoneSimulator
		Standalone|x86 = Standalone|x86
	EndGlobalSection
	GlobalSection(ProjectConfigurationPlatforms) = postSolution
		{387F2B2D-115F-4982-80DC-2B84443D6266}.Ad-Hoc|Any CPU.ActiveCfg = Release|Any CPU
		{387F2B2D-115F-4982-80DC-2B84443D6266}.Ad-Hoc|Any CPU.Build.0 = Release|Any CPU
		{387F2B2D-115F-4982-80DC-2B84443D6266}.Ad-Hoc|iPhone.ActiveCfg = Debug|Any CPU
		{387F2B2D-115F-4982-80DC-2B84443D6266}.Ad-Hoc|iPhone.Build.0 = Debug|Any CPU
		{387F2B2D-115F-4982-80DC-2B84443D6266}.Ad-Hoc|iPhoneSimulator.ActiveCfg = Release|Any CPU
		{387F2B2D-115F-4982-80DC-2B84443D6266}.Ad-Hoc|iPhoneSimulator.Build.0 = Release|Any CPU
		{387F2B2D-115F-4982-80DC-2B84443D6266}.Ad-Hoc|x86.ActiveCfg = Release|Any CPU
		{387F2B2D-115F-4982-80DC-2B84443D6266}.Ad-Hoc|x86.Build.0 = Release|Any CPU
		{387F2B2D-115F-4982-80DC-2B84443D6266}.AppStore|Any CPU.ActiveCfg = Release|Any CPU
		{387F2B2D-115F-4982-80DC-2B84443D6266}.AppStore|Any CPU.Build.0 = Release|Any CPU
		{387F2B2D-115F-4982-80DC-2B84443D6266}.AppStore|iPhone.ActiveCfg = Debug|Any CPU
		{387F2B2D-115F-4982-80DC-2B84443D6266}.AppStore|iPhone.Build.0 = Debug|Any CPU
		{387F2B2D-115F-4982-80DC-2B84443D6266}.AppStore|iPhoneSimulator.ActiveCfg = Release|Any CPU
		{387F2B2D-115F-4982-80DC-2B84443D6266}.AppStore|iPhoneSimulator.Build.0 = Release|Any CPU
		{387F2B2D-115F-4982-80DC-2B84443D6266}.AppStore|x86.ActiveCfg = Release|Any CPU
		{387F2B2D-115F-4982-80DC-2B84443D6266}.AppStore|x86.Build.0 = Release|Any CPU
		{387F2B2D-115F-4982-80DC-2B84443D6266}.Debug|Any CPU.ActiveCfg = Debug|Any CPU
		{387F2B2D-115F-4982-80DC-2B84443D6266}.Debug|Any CPU.Build.0 = Debug|Any CPU
		{387F2B2D-115F-4982-80DC-2B84443D6266}.Debug|iPhone.ActiveCfg = Debug|Any CPU
		{387F2B2D-115F-4982-80DC-2B84443D6266}.Debug|iPhone.Build.0 = Debug|Any CPU
		{387F2B2D-115F-4982-80DC-2B84443D6266}.Debug|iPhoneSimulator.ActiveCfg = Debug|Any CPU
		{387F2B2D-115F-4982-80DC-2B84443D6266}.Debug|iPhoneSimulator.Build.0 = Debug|Any CPU
		{387F2B2D-115F-4982-80DC-2B84443D6266}.Debug|x86.ActiveCfg = Debug|Any CPU
		{387F2B2D-115F-4982-80DC-2B84443D6266}.Debug|x86.Build.0 = Debug|Any CPU
		{387F2B2D-115F-4982-80DC-2B84443D6266}.Release|Any CPU.ActiveCfg = Release|Any CPU
		{387F2B2D-115F-4982-80DC-2B84443D6266}.Release|Any CPU.Build.0 = Release|Any CPU
		{387F2B2D-115F-4982-80DC-2B84443D6266}.Release|iPhone.ActiveCfg = Release|Any CPU
		{387F2B2D-115F-4982-80DC-2B84443D6266}.Release|iPhone.Build.0 = Release|Any CPU
		{387F2B2D-115F-4982-80DC-2B84443D6266}.Release|iPhoneSimulator.ActiveCfg = Release|Any CPU
		{387F2B2D-115F-4982-80DC-2B84443D6266}.Release|iPhoneSimulator.Build.0 = Release|Any CPU
		{387F2B2D-115F-4982-80DC-2B84443D6266}.Release|x86.ActiveCfg = Release|Any CPU
		{387F2B2D-115F-4982-80DC-2B84443D6266}.Release|x86.Build.0 = Release|Any CPU
		{387F2B2D-115F-4982-80DC-2B84443D6266}.Standalone|Any CPU.ActiveCfg = Debug|Any CPU
		{387F2B2D-115F-4982-80DC-2B84443D6266}.Standalone|Any CPU.Build.0 = Debug|Any CPU
		{387F2B2D-115F-4982-80DC-2B84443D6266}.Standalone|iPhone.ActiveCfg = Release|Any CPU
		{387F2B2D-115F-4982-80DC-2B84443D6266}.Standalone|iPhone.Build.0 = Release|Any CPU
		{387F2B2D-115F-4982-80DC-2B84443D6266}.Standalone|iPhoneSimulator.ActiveCfg = Release|Any CPU
		{387F2B2D-115F-4982-80DC-2B84443D6266}.Standalone|iPhoneSimulator.Build.0 = Release|Any CPU
		{387F2B2D-115F-4982-80DC-2B84443D6266}.Standalone|x86.ActiveCfg = Release|Any CPU
		{387F2B2D-115F-4982-80DC-2B84443D6266}.Standalone|x86.Build.0 = Release|Any CPU
		{7A41414D-77E2-4827-87A9-5E716A4A419D}.Ad-Hoc|Any CPU.ActiveCfg = Release|Any CPU
		{7A41414D-77E2-4827-87A9-5E716A4A419D}.Ad-Hoc|Any CPU.Build.0 = Release|Any CPU
		{7A41414D-77E2-4827-87A9-5E716A4A419D}.Ad-Hoc|iPhone.ActiveCfg = Debug|Any CPU
		{7A41414D-77E2-4827-87A9-5E716A4A419D}.Ad-Hoc|iPhone.Build.0 = Debug|Any CPU
		{7A41414D-77E2-4827-87A9-5E716A4A419D}.Ad-Hoc|iPhoneSimulator.ActiveCfg = Release|Any CPU
		{7A41414D-77E2-4827-87A9-5E716A4A419D}.Ad-Hoc|iPhoneSimulator.Build.0 = Release|Any CPU
		{7A41414D-77E2-4827-87A9-5E716A4A419D}.Ad-Hoc|x86.ActiveCfg = Release|Any CPU
		{7A41414D-77E2-4827-87A9-5E716A4A419D}.Ad-Hoc|x86.Build.0 = Release|Any CPU
		{7A41414D-77E2-4827-87A9-5E716A4A419D}.AppStore|Any CPU.ActiveCfg = Release|Any CPU
		{7A41414D-77E2-4827-87A9-5E716A4A419D}.AppStore|Any CPU.Build.0 = Release|Any CPU
		{7A41414D-77E2-4827-87A9-5E716A4A419D}.AppStore|iPhone.ActiveCfg = Debug|Any CPU
		{7A41414D-77E2-4827-87A9-5E716A4A419D}.AppStore|iPhone.Build.0 = Debug|Any CPU
		{7A41414D-77E2-4827-87A9-5E716A4A419D}.AppStore|iPhoneSimulator.ActiveCfg = Release|Any CPU
		{7A41414D-77E2-4827-87A9-5E716A4A419D}.AppStore|iPhoneSimulator.Build.0 = Release|Any CPU
		{7A41414D-77E2-4827-87A9-5E716A4A419D}.AppStore|x86.ActiveCfg = Release|Any CPU
		{7A41414D-77E2-4827-87A9-5E716A4A419D}.AppStore|x86.Build.0 = Release|Any CPU
		{7A41414D-77E2-4827-87A9-5E716A4A419D}.Debug|Any CPU.ActiveCfg = Debug|Any CPU
		{7A41414D-77E2-4827-87A9-5E716A4A419D}.Debug|Any CPU.Build.0 = Debug|Any CPU
		{7A41414D-77E2-4827-87A9-5E716A4A419D}.Debug|iPhone.ActiveCfg = Debug|Any CPU
		{7A41414D-77E2-4827-87A9-5E716A4A419D}.Debug|iPhone.Build.0 = Debug|Any CPU
		{7A41414D-77E2-4827-87A9-5E716A4A419D}.Debug|iPhoneSimulator.ActiveCfg = Debug|Any CPU
		{7A41414D-77E2-4827-87A9-5E716A4A419D}.Debug|iPhoneSimulator.Build.0 = Debug|Any CPU
		{7A41414D-77E2-4827-87A9-5E716A4A419D}.Debug|x86.ActiveCfg = Debug|Any CPU
		{7A41414D-77E2-4827-87A9-5E716A4A419D}.Debug|x86.Build.0 = Debug|Any CPU
		{7A41414D-77E2-4827-87A9-5E716A4A419D}.Release|Any CPU.ActiveCfg = Release|Any CPU
		{7A41414D-77E2-4827-87A9-5E716A4A419D}.Release|Any CPU.Build.0 = Release|Any CPU
		{7A41414D-77E2-4827-87A9-5E716A4A419D}.Release|iPhone.ActiveCfg = Release|Any CPU
		{7A41414D-77E2-4827-87A9-5E716A4A419D}.Release|iPhone.Build.0 = Release|Any CPU
		{7A41414D-77E2-4827-87A9-5E716A4A419D}.Release|iPhoneSimulator.ActiveCfg = Release|Any CPU
		{7A41414D-77E2-4827-87A9-5E716A4A419D}.Release|iPhoneSimulator.Build.0 = Release|Any CPU
		{7A41414D-77E2-4827-87A9-5E716A4A419D}.Release|x86.ActiveCfg = Release|Any CPU
		{7A41414D-77E2-4827-87A9-5E716A4A419D}.Release|x86.Build.0 = Release|Any CPU
		{7A41414D-77E2-4827-87A9-5E716A4A419D}.Standalone|Any CPU.ActiveCfg = Debug|Any CPU
		{7A41414D-77E2-4827-87A9-5E716A4A419D}.Standalone|Any CPU.Build.0 = Debug|Any CPU
		{7A41414D-77E2-4827-87A9-5E716A4A419D}.Standalone|iPhone.ActiveCfg = Release|Any CPU
		{7A41414D-77E2-4827-87A9-5E716A4A419D}.Standalone|iPhone.Build.0 = Release|Any CPU
		{7A41414D-77E2-4827-87A9-5E716A4A419D}.Standalone|iPhoneSimulator.ActiveCfg = Release|Any CPU
		{7A41414D-77E2-4827-87A9-5E716A4A419D}.Standalone|iPhoneSimulator.Build.0 = Release|Any CPU
		{7A41414D-77E2-4827-87A9-5E716A4A419D}.Standalone|x86.ActiveCfg = Release|Any CPU
		{7A41414D-77E2-4827-87A9-5E716A4A419D}.Standalone|x86.Build.0 = Release|Any CPU
		{47C59A57-6220-4C6C-ADBB-5F1C038A3012}.Ad-Hoc|Any CPU.ActiveCfg = Release|Any CPU
		{47C59A57-6220-4C6C-ADBB-5F1C038A3012}.Ad-Hoc|Any CPU.Build.0 = Release|Any CPU
		{47C59A57-6220-4C6C-ADBB-5F1C038A3012}.Ad-Hoc|iPhone.ActiveCfg = Debug|Any CPU
		{47C59A57-6220-4C6C-ADBB-5F1C038A3012}.Ad-Hoc|iPhone.Build.0 = Debug|Any CPU
		{47C59A57-6220-4C6C-ADBB-5F1C038A3012}.Ad-Hoc|iPhoneSimulator.ActiveCfg = Release|Any CPU
		{47C59A57-6220-4C6C-ADBB-5F1C038A3012}.Ad-Hoc|iPhoneSimulator.Build.0 = Release|Any CPU
		{47C59A57-6220-4C6C-ADBB-5F1C038A3012}.Ad-Hoc|x86.ActiveCfg = Release|Any CPU
		{47C59A57-6220-4C6C-ADBB-5F1C038A3012}.Ad-Hoc|x86.Build.0 = Release|Any CPU
		{47C59A57-6220-4C6C-ADBB-5F1C038A3012}.AppStore|Any CPU.ActiveCfg = Release|Any CPU
		{47C59A57-6220-4C6C-ADBB-5F1C038A3012}.AppStore|Any CPU.Build.0 = Release|Any CPU
		{47C59A57-6220-4C6C-ADBB-5F1C038A3012}.AppStore|iPhone.ActiveCfg = Debug|Any CPU
		{47C59A57-6220-4C6C-ADBB-5F1C038A3012}.AppStore|iPhone.Build.0 = Debug|Any CPU
		{47C59A57-6220-4C6C-ADBB-5F1C038A3012}.AppStore|iPhoneSimulator.ActiveCfg = Release|Any CPU
		{47C59A57-6220-4C6C-ADBB-5F1C038A3012}.AppStore|iPhoneSimulator.Build.0 = Release|Any CPU
		{47C59A57-6220-4C6C-ADBB-5F1C038A3012}.AppStore|x86.ActiveCfg = Release|Any CPU
		{47C59A57-6220-4C6C-ADBB-5F1C038A3012}.AppStore|x86.Build.0 = Release|Any CPU
		{47C59A57-6220-4C6C-ADBB-5F1C038A3012}.Debug|Any CPU.ActiveCfg = Debug|Any CPU
		{47C59A57-6220-4C6C-ADBB-5F1C038A3012}.Debug|Any CPU.Build.0 = Debug|Any CPU
		{47C59A57-6220-4C6C-ADBB-5F1C038A3012}.Debug|iPhone.ActiveCfg = Debug|Any CPU
		{47C59A57-6220-4C6C-ADBB-5F1C038A3012}.Debug|iPhone.Build.0 = Debug|Any CPU
		{47C59A57-6220-4C6C-ADBB-5F1C038A3012}.Debug|iPhoneSimulator.ActiveCfg = Debug|Any CPU
		{47C59A57-6220-4C6C-ADBB-5F1C038A3012}.Debug|iPhoneSimulator.Build.0 = Debug|Any CPU
		{47C59A57-6220-4C6C-ADBB-5F1C038A3012}.Debug|x86.ActiveCfg = Debug|Any CPU
		{47C59A57-6220-4C6C-ADBB-5F1C038A3012}.Debug|x86.Build.0 = Debug|Any CPU
		{47C59A57-6220-4C6C-ADBB-5F1C038A3012}.Release|Any CPU.ActiveCfg = Release|Any CPU
		{47C59A57-6220-4C6C-ADBB-5F1C038A3012}.Release|Any CPU.Build.0 = Release|Any CPU
		{47C59A57-6220-4C6C-ADBB-5F1C038A3012}.Release|iPhone.ActiveCfg = Release|Any CPU
		{47C59A57-6220-4C6C-ADBB-5F1C038A3012}.Release|iPhone.Build.0 = Release|Any CPU
		{47C59A57-6220-4C6C-ADBB-5F1C038A3012}.Release|iPhoneSimulator.ActiveCfg = Release|Any CPU
		{47C59A57-6220-4C6C-ADBB-5F1C038A3012}.Release|iPhoneSimulator.Build.0 = Release|Any CPU
		{47C59A57-6220-4C6C-ADBB-5F1C038A3012}.Release|x86.ActiveCfg = Release|Any CPU
		{47C59A57-6220-4C6C-ADBB-5F1C038A3012}.Release|x86.Build.0 = Release|Any CPU
		{47C59A57-6220-4C6C-ADBB-5F1C038A3012}.Standalone|Any CPU.ActiveCfg = Debug|Any CPU
		{47C59A57-6220-4C6C-ADBB-5F1C038A3012}.Standalone|Any CPU.Build.0 = Debug|Any CPU
		{47C59A57-6220-4C6C-ADBB-5F1C038A3012}.Standalone|iPhone.ActiveCfg = Release|Any CPU
		{47C59A57-6220-4C6C-ADBB-5F1C038A3012}.Standalone|iPhone.Build.0 = Release|Any CPU
		{47C59A57-6220-4C6C-ADBB-5F1C038A3012}.Standalone|iPhoneSimulator.ActiveCfg = Release|Any CPU
		{47C59A57-6220-4C6C-ADBB-5F1C038A3012}.Standalone|iPhoneSimulator.Build.0 = Release|Any CPU
		{47C59A57-6220-4C6C-ADBB-5F1C038A3012}.Standalone|x86.ActiveCfg = Release|Any CPU
		{47C59A57-6220-4C6C-ADBB-5F1C038A3012}.Standalone|x86.Build.0 = Release|Any CPU
		{E22FBA6B-804E-48C4-BF28-A4B8B6642461}.Ad-Hoc|Any CPU.ActiveCfg = Release|Any CPU
		{E22FBA6B-804E-48C4-BF28-A4B8B6642461}.Ad-Hoc|Any CPU.Build.0 = Release|Any CPU
		{E22FBA6B-804E-48C4-BF28-A4B8B6642461}.Ad-Hoc|iPhone.ActiveCfg = Debug|Any CPU
		{E22FBA6B-804E-48C4-BF28-A4B8B6642461}.Ad-Hoc|iPhone.Build.0 = Debug|Any CPU
		{E22FBA6B-804E-48C4-BF28-A4B8B6642461}.Ad-Hoc|iPhoneSimulator.ActiveCfg = Release|Any CPU
		{E22FBA6B-804E-48C4-BF28-A4B8B6642461}.Ad-Hoc|iPhoneSimulator.Build.0 = Release|Any CPU
		{E22FBA6B-804E-48C4-BF28-A4B8B6642461}.Ad-Hoc|x86.ActiveCfg = Release|Any CPU
		{E22FBA6B-804E-48C4-BF28-A4B8B6642461}.Ad-Hoc|x86.Build.0 = Release|Any CPU
		{E22FBA6B-804E-48C4-BF28-A4B8B6642461}.AppStore|Any CPU.ActiveCfg = Release|Any CPU
		{E22FBA6B-804E-48C4-BF28-A4B8B6642461}.AppStore|Any CPU.Build.0 = Release|Any CPU
		{E22FBA6B-804E-48C4-BF28-A4B8B6642461}.AppStore|iPhone.ActiveCfg = Debug|Any CPU
		{E22FBA6B-804E-48C4-BF28-A4B8B6642461}.AppStore|iPhone.Build.0 = Debug|Any CPU
		{E22FBA6B-804E-48C4-BF28-A4B8B6642461}.AppStore|iPhoneSimulator.ActiveCfg = Release|Any CPU
		{E22FBA6B-804E-48C4-BF28-A4B8B6642461}.AppStore|iPhoneSimulator.Build.0 = Release|Any CPU
		{E22FBA6B-804E-48C4-BF28-A4B8B6642461}.AppStore|x86.ActiveCfg = Release|Any CPU
		{E22FBA6B-804E-48C4-BF28-A4B8B6642461}.AppStore|x86.Build.0 = Release|Any CPU
		{E22FBA6B-804E-48C4-BF28-A4B8B6642461}.Debug|Any CPU.ActiveCfg = Debug|Any CPU
		{E22FBA6B-804E-48C4-BF28-A4B8B6642461}.Debug|Any CPU.Build.0 = Debug|Any CPU
		{E22FBA6B-804E-48C4-BF28-A4B8B6642461}.Debug|iPhone.ActiveCfg = Debug|Any CPU
		{E22FBA6B-804E-48C4-BF28-A4B8B6642461}.Debug|iPhone.Build.0 = Debug|Any CPU
		{E22FBA6B-804E-48C4-BF28-A4B8B6642461}.Debug|iPhoneSimulator.ActiveCfg = Debug|Any CPU
		{E22FBA6B-804E-48C4-BF28-A4B8B6642461}.Debug|iPhoneSimulator.Build.0 = Debug|Any CPU
		{E22FBA6B-804E-48C4-BF28-A4B8B6642461}.Debug|x86.ActiveCfg = Debug|Any CPU
		{E22FBA6B-804E-48C4-BF28-A4B8B6642461}.Debug|x86.Build.0 = Debug|Any CPU
		{E22FBA6B-804E-48C4-BF28-A4B8B6642461}.Release|Any CPU.ActiveCfg = Release|Any CPU
		{E22FBA6B-804E-48C4-BF28-A4B8B6642461}.Release|Any CPU.Build.0 = Release|Any CPU
		{E22FBA6B-804E-48C4-BF28-A4B8B6642461}.Release|iPhone.ActiveCfg = Release|Any CPU
		{E22FBA6B-804E-48C4-BF28-A4B8B6642461}.Release|iPhone.Build.0 = Release|Any CPU
		{E22FBA6B-804E-48C4-BF28-A4B8B6642461}.Release|iPhoneSimulator.ActiveCfg = Release|Any CPU
		{E22FBA6B-804E-48C4-BF28-A4B8B6642461}.Release|iPhoneSimulator.Build.0 = Release|Any CPU
		{E22FBA6B-804E-48C4-BF28-A4B8B6642461}.Release|x86.ActiveCfg = Release|Any CPU
		{E22FBA6B-804E-48C4-BF28-A4B8B6642461}.Release|x86.Build.0 = Release|Any CPU
		{E22FBA6B-804E-48C4-BF28-A4B8B6642461}.Standalone|Any CPU.ActiveCfg = Debug|Any CPU
		{E22FBA6B-804E-48C4-BF28-A4B8B6642461}.Standalone|Any CPU.Build.0 = Debug|Any CPU
		{E22FBA6B-804E-48C4-BF28-A4B8B6642461}.Standalone|iPhone.ActiveCfg = Release|Any CPU
		{E22FBA6B-804E-48C4-BF28-A4B8B6642461}.Standalone|iPhone.Build.0 = Release|Any CPU
		{E22FBA6B-804E-48C4-BF28-A4B8B6642461}.Standalone|iPhoneSimulator.ActiveCfg = Release|Any CPU
		{E22FBA6B-804E-48C4-BF28-A4B8B6642461}.Standalone|iPhoneSimulator.Build.0 = Release|Any CPU
		{E22FBA6B-804E-48C4-BF28-A4B8B6642461}.Standalone|x86.ActiveCfg = Release|Any CPU
		{E22FBA6B-804E-48C4-BF28-A4B8B6642461}.Standalone|x86.Build.0 = Release|Any CPU
		{696EBE0F-E2AF-46D5-A577-D6FF2F2860A5}.Ad-Hoc|Any CPU.ActiveCfg = Release|Any CPU
		{696EBE0F-E2AF-46D5-A577-D6FF2F2860A5}.Ad-Hoc|Any CPU.Build.0 = Release|Any CPU
		{696EBE0F-E2AF-46D5-A577-D6FF2F2860A5}.Ad-Hoc|iPhone.ActiveCfg = Debug|Any CPU
		{696EBE0F-E2AF-46D5-A577-D6FF2F2860A5}.Ad-Hoc|iPhone.Build.0 = Debug|Any CPU
		{696EBE0F-E2AF-46D5-A577-D6FF2F2860A5}.Ad-Hoc|iPhoneSimulator.ActiveCfg = Release|Any CPU
		{696EBE0F-E2AF-46D5-A577-D6FF2F2860A5}.Ad-Hoc|iPhoneSimulator.Build.0 = Release|Any CPU
		{696EBE0F-E2AF-46D5-A577-D6FF2F2860A5}.Ad-Hoc|x86.ActiveCfg = Release|Any CPU
		{696EBE0F-E2AF-46D5-A577-D6FF2F2860A5}.Ad-Hoc|x86.Build.0 = Release|Any CPU
		{696EBE0F-E2AF-46D5-A577-D6FF2F2860A5}.AppStore|Any CPU.ActiveCfg = Release|Any CPU
		{696EBE0F-E2AF-46D5-A577-D6FF2F2860A5}.AppStore|Any CPU.Build.0 = Release|Any CPU
		{696EBE0F-E2AF-46D5-A577-D6FF2F2860A5}.AppStore|iPhone.ActiveCfg = Debug|Any CPU
		{696EBE0F-E2AF-46D5-A577-D6FF2F2860A5}.AppStore|iPhone.Build.0 = Debug|Any CPU
		{696EBE0F-E2AF-46D5-A577-D6FF2F2860A5}.AppStore|iPhoneSimulator.ActiveCfg = Release|Any CPU
		{696EBE0F-E2AF-46D5-A577-D6FF2F2860A5}.AppStore|iPhoneSimulator.Build.0 = Release|Any CPU
		{696EBE0F-E2AF-46D5-A577-D6FF2F2860A5}.AppStore|x86.ActiveCfg = Release|Any CPU
		{696EBE0F-E2AF-46D5-A577-D6FF2F2860A5}.AppStore|x86.Build.0 = Release|Any CPU
		{696EBE0F-E2AF-46D5-A577-D6FF2F2860A5}.Debug|Any CPU.ActiveCfg = Debug|Any CPU
		{696EBE0F-E2AF-46D5-A577-D6FF2F2860A5}.Debug|Any CPU.Build.0 = Debug|Any CPU
		{696EBE0F-E2AF-46D5-A577-D6FF2F2860A5}.Debug|iPhone.ActiveCfg = Debug|Any CPU
		{696EBE0F-E2AF-46D5-A577-D6FF2F2860A5}.Debug|iPhone.Build.0 = Debug|Any CPU
		{696EBE0F-E2AF-46D5-A577-D6FF2F2860A5}.Debug|iPhoneSimulator.ActiveCfg = Debug|Any CPU
		{696EBE0F-E2AF-46D5-A577-D6FF2F2860A5}.Debug|iPhoneSimulator.Build.0 = Debug|Any CPU
		{696EBE0F-E2AF-46D5-A577-D6FF2F2860A5}.Debug|x86.ActiveCfg = Debug|Any CPU
		{696EBE0F-E2AF-46D5-A577-D6FF2F2860A5}.Debug|x86.Build.0 = Debug|Any CPU
		{696EBE0F-E2AF-46D5-A577-D6FF2F2860A5}.Release|Any CPU.ActiveCfg = Release|Any CPU
		{696EBE0F-E2AF-46D5-A577-D6FF2F2860A5}.Release|Any CPU.Build.0 = Release|Any CPU
		{696EBE0F-E2AF-46D5-A577-D6FF2F2860A5}.Release|iPhone.ActiveCfg = Release|Any CPU
		{696EBE0F-E2AF-46D5-A577-D6FF2F2860A5}.Release|iPhone.Build.0 = Release|Any CPU
		{696EBE0F-E2AF-46D5-A577-D6FF2F2860A5}.Release|iPhoneSimulator.ActiveCfg = Release|Any CPU
		{696EBE0F-E2AF-46D5-A577-D6FF2F2860A5}.Release|iPhoneSimulator.Build.0 = Release|Any CPU
		{696EBE0F-E2AF-46D5-A577-D6FF2F2860A5}.Release|x86.ActiveCfg = Release|Any CPU
		{696EBE0F-E2AF-46D5-A577-D6FF2F2860A5}.Release|x86.Build.0 = Release|Any CPU
		{696EBE0F-E2AF-46D5-A577-D6FF2F2860A5}.Standalone|Any CPU.ActiveCfg = Debug|Any CPU
		{696EBE0F-E2AF-46D5-A577-D6FF2F2860A5}.Standalone|Any CPU.Build.0 = Debug|Any CPU
		{696EBE0F-E2AF-46D5-A577-D6FF2F2860A5}.Standalone|iPhone.ActiveCfg = Release|Any CPU
		{696EBE0F-E2AF-46D5-A577-D6FF2F2860A5}.Standalone|iPhone.Build.0 = Release|Any CPU
		{696EBE0F-E2AF-46D5-A577-D6FF2F2860A5}.Standalone|iPhoneSimulator.ActiveCfg = Release|Any CPU
		{696EBE0F-E2AF-46D5-A577-D6FF2F2860A5}.Standalone|iPhoneSimulator.Build.0 = Release|Any CPU
		{696EBE0F-E2AF-46D5-A577-D6FF2F2860A5}.Standalone|x86.ActiveCfg = Release|Any CPU
		{696EBE0F-E2AF-46D5-A577-D6FF2F2860A5}.Standalone|x86.Build.0 = Release|Any CPU
		{D2A838BC-1003-4169-A2E0-16CE0A5326E1}.Ad-Hoc|Any CPU.ActiveCfg = Release|Any CPU
		{D2A838BC-1003-4169-A2E0-16CE0A5326E1}.Ad-Hoc|Any CPU.Build.0 = Release|Any CPU
		{D2A838BC-1003-4169-A2E0-16CE0A5326E1}.Ad-Hoc|iPhone.ActiveCfg = Debug|Any CPU
		{D2A838BC-1003-4169-A2E0-16CE0A5326E1}.Ad-Hoc|iPhone.Build.0 = Debug|Any CPU
		{D2A838BC-1003-4169-A2E0-16CE0A5326E1}.Ad-Hoc|iPhoneSimulator.ActiveCfg = Release|Any CPU
		{D2A838BC-1003-4169-A2E0-16CE0A5326E1}.Ad-Hoc|iPhoneSimulator.Build.0 = Release|Any CPU
		{D2A838BC-1003-4169-A2E0-16CE0A5326E1}.Ad-Hoc|x86.ActiveCfg = Release|Any CPU
		{D2A838BC-1003-4169-A2E0-16CE0A5326E1}.Ad-Hoc|x86.Build.0 = Release|Any CPU
		{D2A838BC-1003-4169-A2E0-16CE0A5326E1}.AppStore|Any CPU.ActiveCfg = Release|Any CPU
		{D2A838BC-1003-4169-A2E0-16CE0A5326E1}.AppStore|Any CPU.Build.0 = Release|Any CPU
		{D2A838BC-1003-4169-A2E0-16CE0A5326E1}.AppStore|iPhone.ActiveCfg = Debug|Any CPU
		{D2A838BC-1003-4169-A2E0-16CE0A5326E1}.AppStore|iPhone.Build.0 = Debug|Any CPU
		{D2A838BC-1003-4169-A2E0-16CE0A5326E1}.AppStore|iPhoneSimulator.ActiveCfg = Release|Any CPU
		{D2A838BC-1003-4169-A2E0-16CE0A5326E1}.AppStore|iPhoneSimulator.Build.0 = Release|Any CPU
		{D2A838BC-1003-4169-A2E0-16CE0A5326E1}.AppStore|x86.ActiveCfg = Release|Any CPU
		{D2A838BC-1003-4169-A2E0-16CE0A5326E1}.AppStore|x86.Build.0 = Release|Any CPU
		{D2A838BC-1003-4169-A2E0-16CE0A5326E1}.Debug|Any CPU.ActiveCfg = Debug|Any CPU
		{D2A838BC-1003-4169-A2E0-16CE0A5326E1}.Debug|Any CPU.Build.0 = Debug|Any CPU
		{D2A838BC-1003-4169-A2E0-16CE0A5326E1}.Debug|iPhone.ActiveCfg = Debug|Any CPU
		{D2A838BC-1003-4169-A2E0-16CE0A5326E1}.Debug|iPhone.Build.0 = Debug|Any CPU
		{D2A838BC-1003-4169-A2E0-16CE0A5326E1}.Debug|iPhoneSimulator.ActiveCfg = Debug|Any CPU
		{D2A838BC-1003-4169-A2E0-16CE0A5326E1}.Debug|iPhoneSimulator.Build.0 = Debug|Any CPU
		{D2A838BC-1003-4169-A2E0-16CE0A5326E1}.Debug|x86.ActiveCfg = Debug|Any CPU
		{D2A838BC-1003-4169-A2E0-16CE0A5326E1}.Debug|x86.Build.0 = Debug|Any CPU
		{D2A838BC-1003-4169-A2E0-16CE0A5326E1}.Release|Any CPU.ActiveCfg = Release|Any CPU
		{D2A838BC-1003-4169-A2E0-16CE0A5326E1}.Release|Any CPU.Build.0 = Release|Any CPU
		{D2A838BC-1003-4169-A2E0-16CE0A5326E1}.Release|iPhone.ActiveCfg = Release|Any CPU
		{D2A838BC-1003-4169-A2E0-16CE0A5326E1}.Release|iPhone.Build.0 = Release|Any CPU
		{D2A838BC-1003-4169-A2E0-16CE0A5326E1}.Release|iPhoneSimulator.ActiveCfg = Release|Any CPU
		{D2A838BC-1003-4169-A2E0-16CE0A5326E1}.Release|iPhoneSimulator.Build.0 = Release|Any CPU
		{D2A838BC-1003-4169-A2E0-16CE0A5326E1}.Release|x86.ActiveCfg = Release|Any CPU
		{D2A838BC-1003-4169-A2E0-16CE0A5326E1}.Release|x86.Build.0 = Release|Any CPU
		{D2A838BC-1003-4169-A2E0-16CE0A5326E1}.Standalone|Any CPU.ActiveCfg = Debug|Any CPU
		{D2A838BC-1003-4169-A2E0-16CE0A5326E1}.Standalone|Any CPU.Build.0 = Debug|Any CPU
		{D2A838BC-1003-4169-A2E0-16CE0A5326E1}.Standalone|iPhone.ActiveCfg = Release|Any CPU
		{D2A838BC-1003-4169-A2E0-16CE0A5326E1}.Standalone|iPhone.Build.0 = Release|Any CPU
		{D2A838BC-1003-4169-A2E0-16CE0A5326E1}.Standalone|iPhoneSimulator.ActiveCfg = Release|Any CPU
		{D2A838BC-1003-4169-A2E0-16CE0A5326E1}.Standalone|iPhoneSimulator.Build.0 = Release|Any CPU
		{D2A838BC-1003-4169-A2E0-16CE0A5326E1}.Standalone|x86.ActiveCfg = Release|Any CPU
		{D2A838BC-1003-4169-A2E0-16CE0A5326E1}.Standalone|x86.Build.0 = Release|Any CPU
		{24C1E28F-25B3-4AD3-9053-A3CB307DEE54}.Ad-Hoc|Any CPU.ActiveCfg = Release|Any CPU
		{24C1E28F-25B3-4AD3-9053-A3CB307DEE54}.Ad-Hoc|Any CPU.Build.0 = Release|Any CPU
		{24C1E28F-25B3-4AD3-9053-A3CB307DEE54}.Ad-Hoc|iPhone.ActiveCfg = Debug|Any CPU
		{24C1E28F-25B3-4AD3-9053-A3CB307DEE54}.Ad-Hoc|iPhone.Build.0 = Debug|Any CPU
		{24C1E28F-25B3-4AD3-9053-A3CB307DEE54}.Ad-Hoc|iPhoneSimulator.ActiveCfg = Release|Any CPU
		{24C1E28F-25B3-4AD3-9053-A3CB307DEE54}.Ad-Hoc|iPhoneSimulator.Build.0 = Release|Any CPU
		{24C1E28F-25B3-4AD3-9053-A3CB307DEE54}.Ad-Hoc|x86.ActiveCfg = Release|Any CPU
		{24C1E28F-25B3-4AD3-9053-A3CB307DEE54}.Ad-Hoc|x86.Build.0 = Release|Any CPU
		{24C1E28F-25B3-4AD3-9053-A3CB307DEE54}.AppStore|Any CPU.ActiveCfg = Release|Any CPU
		{24C1E28F-25B3-4AD3-9053-A3CB307DEE54}.AppStore|Any CPU.Build.0 = Release|Any CPU
		{24C1E28F-25B3-4AD3-9053-A3CB307DEE54}.AppStore|iPhone.ActiveCfg = Debug|Any CPU
		{24C1E28F-25B3-4AD3-9053-A3CB307DEE54}.AppStore|iPhone.Build.0 = Debug|Any CPU
		{24C1E28F-25B3-4AD3-9053-A3CB307DEE54}.AppStore|iPhoneSimulator.ActiveCfg = Release|Any CPU
		{24C1E28F-25B3-4AD3-9053-A3CB307DEE54}.AppStore|iPhoneSimulator.Build.0 = Release|Any CPU
		{24C1E28F-25B3-4AD3-9053-A3CB307DEE54}.AppStore|x86.ActiveCfg = Release|Any CPU
		{24C1E28F-25B3-4AD3-9053-A3CB307DEE54}.AppStore|x86.Build.0 = Release|Any CPU
		{24C1E28F-25B3-4AD3-9053-A3CB307DEE54}.Debug|Any CPU.ActiveCfg = Debug|Any CPU
		{24C1E28F-25B3-4AD3-9053-A3CB307DEE54}.Debug|Any CPU.Build.0 = Debug|Any CPU
		{24C1E28F-25B3-4AD3-9053-A3CB307DEE54}.Debug|iPhone.ActiveCfg = Debug|Any CPU
		{24C1E28F-25B3-4AD3-9053-A3CB307DEE54}.Debug|iPhone.Build.0 = Debug|Any CPU
		{24C1E28F-25B3-4AD3-9053-A3CB307DEE54}.Debug|iPhoneSimulator.ActiveCfg = Debug|Any CPU
		{24C1E28F-25B3-4AD3-9053-A3CB307DEE54}.Debug|iPhoneSimulator.Build.0 = Debug|Any CPU
		{24C1E28F-25B3-4AD3-9053-A3CB307DEE54}.Debug|x86.ActiveCfg = Debug|Any CPU
		{24C1E28F-25B3-4AD3-9053-A3CB307DEE54}.Debug|x86.Build.0 = Debug|Any CPU
		{24C1E28F-25B3-4AD3-9053-A3CB307DEE54}.Release|Any CPU.ActiveCfg = Release|Any CPU
		{24C1E28F-25B3-4AD3-9053-A3CB307DEE54}.Release|Any CPU.Build.0 = Release|Any CPU
		{24C1E28F-25B3-4AD3-9053-A3CB307DEE54}.Release|iPhone.ActiveCfg = Release|Any CPU
		{24C1E28F-25B3-4AD3-9053-A3CB307DEE54}.Release|iPhone.Build.0 = Release|Any CPU
		{24C1E28F-25B3-4AD3-9053-A3CB307DEE54}.Release|iPhoneSimulator.ActiveCfg = Release|Any CPU
		{24C1E28F-25B3-4AD3-9053-A3CB307DEE54}.Release|iPhoneSimulator.Build.0 = Release|Any CPU
		{24C1E28F-25B3-4AD3-9053-A3CB307DEE54}.Release|x86.ActiveCfg = Release|Any CPU
		{24C1E28F-25B3-4AD3-9053-A3CB307DEE54}.Release|x86.Build.0 = Release|Any CPU
		{24C1E28F-25B3-4AD3-9053-A3CB307DEE54}.Standalone|Any CPU.ActiveCfg = Debug|Any CPU
		{24C1E28F-25B3-4AD3-9053-A3CB307DEE54}.Standalone|Any CPU.Build.0 = Debug|Any CPU
		{24C1E28F-25B3-4AD3-9053-A3CB307DEE54}.Standalone|iPhone.ActiveCfg = Release|Any CPU
		{24C1E28F-25B3-4AD3-9053-A3CB307DEE54}.Standalone|iPhone.Build.0 = Release|Any CPU
		{24C1E28F-25B3-4AD3-9053-A3CB307DEE54}.Standalone|iPhoneSimulator.ActiveCfg = Release|Any CPU
		{24C1E28F-25B3-4AD3-9053-A3CB307DEE54}.Standalone|iPhoneSimulator.Build.0 = Release|Any CPU
		{24C1E28F-25B3-4AD3-9053-A3CB307DEE54}.Standalone|x86.ActiveCfg = Release|Any CPU
		{24C1E28F-25B3-4AD3-9053-A3CB307DEE54}.Standalone|x86.Build.0 = Release|Any CPU
		{A2329308-3751-4DBD-9A75-5F7B8B024625}.Ad-Hoc|Any CPU.ActiveCfg = Standalone|Any CPU
		{A2329308-3751-4DBD-9A75-5F7B8B024625}.Ad-Hoc|Any CPU.Build.0 = Standalone|Any CPU
		{A2329308-3751-4DBD-9A75-5F7B8B024625}.Ad-Hoc|iPhone.ActiveCfg = Debug|Any CPU
		{A2329308-3751-4DBD-9A75-5F7B8B024625}.Ad-Hoc|iPhone.Build.0 = Debug|Any CPU
		{A2329308-3751-4DBD-9A75-5F7B8B024625}.Ad-Hoc|iPhoneSimulator.ActiveCfg = Standalone|Any CPU
		{A2329308-3751-4DBD-9A75-5F7B8B024625}.Ad-Hoc|iPhoneSimulator.Build.0 = Standalone|Any CPU
		{A2329308-3751-4DBD-9A75-5F7B8B024625}.Ad-Hoc|x86.ActiveCfg = Standalone|Any CPU
		{A2329308-3751-4DBD-9A75-5F7B8B024625}.Ad-Hoc|x86.Build.0 = Standalone|Any CPU
		{A2329308-3751-4DBD-9A75-5F7B8B024625}.AppStore|Any CPU.ActiveCfg = Standalone|Any CPU
		{A2329308-3751-4DBD-9A75-5F7B8B024625}.AppStore|Any CPU.Build.0 = Standalone|Any CPU
		{A2329308-3751-4DBD-9A75-5F7B8B024625}.AppStore|iPhone.ActiveCfg = Debug|Any CPU
		{A2329308-3751-4DBD-9A75-5F7B8B024625}.AppStore|iPhone.Build.0 = Debug|Any CPU
		{A2329308-3751-4DBD-9A75-5F7B8B024625}.AppStore|iPhoneSimulator.ActiveCfg = Standalone|Any CPU
		{A2329308-3751-4DBD-9A75-5F7B8B024625}.AppStore|iPhoneSimulator.Build.0 = Standalone|Any CPU
		{A2329308-3751-4DBD-9A75-5F7B8B024625}.AppStore|x86.ActiveCfg = Standalone|Any CPU
		{A2329308-3751-4DBD-9A75-5F7B8B024625}.AppStore|x86.Build.0 = Standalone|Any CPU
		{A2329308-3751-4DBD-9A75-5F7B8B024625}.Debug|Any CPU.ActiveCfg = Debug|Any CPU
		{A2329308-3751-4DBD-9A75-5F7B8B024625}.Debug|Any CPU.Build.0 = Debug|Any CPU
		{A2329308-3751-4DBD-9A75-5F7B8B024625}.Debug|iPhone.ActiveCfg = Debug|Any CPU
		{A2329308-3751-4DBD-9A75-5F7B8B024625}.Debug|iPhone.Build.0 = Debug|Any CPU
		{A2329308-3751-4DBD-9A75-5F7B8B024625}.Debug|iPhoneSimulator.ActiveCfg = Debug|Any CPU
		{A2329308-3751-4DBD-9A75-5F7B8B024625}.Debug|iPhoneSimulator.Build.0 = Debug|Any CPU
		{A2329308-3751-4DBD-9A75-5F7B8B024625}.Debug|x86.ActiveCfg = Debug|Any CPU
		{A2329308-3751-4DBD-9A75-5F7B8B024625}.Debug|x86.Build.0 = Debug|Any CPU
		{A2329308-3751-4DBD-9A75-5F7B8B024625}.Release|Any CPU.ActiveCfg = Release|Any CPU
		{A2329308-3751-4DBD-9A75-5F7B8B024625}.Release|Any CPU.Build.0 = Release|Any CPU
		{A2329308-3751-4DBD-9A75-5F7B8B024625}.Release|iPhone.ActiveCfg = Release|Any CPU
		{A2329308-3751-4DBD-9A75-5F7B8B024625}.Release|iPhone.Build.0 = Release|Any CPU
		{A2329308-3751-4DBD-9A75-5F7B8B024625}.Release|iPhoneSimulator.ActiveCfg = Release|Any CPU
		{A2329308-3751-4DBD-9A75-5F7B8B024625}.Release|iPhoneSimulator.Build.0 = Release|Any CPU
		{A2329308-3751-4DBD-9A75-5F7B8B024625}.Release|x86.ActiveCfg = Release|Any CPU
		{A2329308-3751-4DBD-9A75-5F7B8B024625}.Release|x86.Build.0 = Release|Any CPU
		{A2329308-3751-4DBD-9A75-5F7B8B024625}.Standalone|Any CPU.ActiveCfg = Standalone|Any CPU
		{A2329308-3751-4DBD-9A75-5F7B8B024625}.Standalone|Any CPU.Build.0 = Standalone|Any CPU
		{A2329308-3751-4DBD-9A75-5F7B8B024625}.Standalone|iPhone.ActiveCfg = Standalone|Any CPU
		{A2329308-3751-4DBD-9A75-5F7B8B024625}.Standalone|iPhone.Build.0 = Standalone|Any CPU
		{A2329308-3751-4DBD-9A75-5F7B8B024625}.Standalone|iPhoneSimulator.ActiveCfg = Standalone|Any CPU
		{A2329308-3751-4DBD-9A75-5F7B8B024625}.Standalone|iPhoneSimulator.Build.0 = Standalone|Any CPU
		{A2329308-3751-4DBD-9A75-5F7B8B024625}.Standalone|x86.ActiveCfg = Standalone|Any CPU
		{A2329308-3751-4DBD-9A75-5F7B8B024625}.Standalone|x86.Build.0 = Standalone|Any CPU
		{B8D15188-F8DE-470B-8B60-F41F3CB0DA85}.Ad-Hoc|Any CPU.ActiveCfg = Release|x86
		{B8D15188-F8DE-470B-8B60-F41F3CB0DA85}.Ad-Hoc|Any CPU.Build.0 = Release|x86
		{B8D15188-F8DE-470B-8B60-F41F3CB0DA85}.Ad-Hoc|iPhone.ActiveCfg = Release|x86
		{B8D15188-F8DE-470B-8B60-F41F3CB0DA85}.Ad-Hoc|iPhone.Build.0 = Release|x86
		{B8D15188-F8DE-470B-8B60-F41F3CB0DA85}.Ad-Hoc|iPhoneSimulator.ActiveCfg = Release|x86
		{B8D15188-F8DE-470B-8B60-F41F3CB0DA85}.Ad-Hoc|iPhoneSimulator.Build.0 = Release|x86
		{B8D15188-F8DE-470B-8B60-F41F3CB0DA85}.Ad-Hoc|x86.ActiveCfg = Release|x86
		{B8D15188-F8DE-470B-8B60-F41F3CB0DA85}.Ad-Hoc|x86.Build.0 = Release|x86
		{B8D15188-F8DE-470B-8B60-F41F3CB0DA85}.AppStore|Any CPU.ActiveCfg = Release|x86
		{B8D15188-F8DE-470B-8B60-F41F3CB0DA85}.AppStore|Any CPU.Build.0 = Release|x86
		{B8D15188-F8DE-470B-8B60-F41F3CB0DA85}.AppStore|iPhone.ActiveCfg = Release|x86
		{B8D15188-F8DE-470B-8B60-F41F3CB0DA85}.AppStore|iPhone.Build.0 = Release|x86
		{B8D15188-F8DE-470B-8B60-F41F3CB0DA85}.AppStore|iPhoneSimulator.ActiveCfg = Release|x86
		{B8D15188-F8DE-470B-8B60-F41F3CB0DA85}.AppStore|iPhoneSimulator.Build.0 = Release|x86
		{B8D15188-F8DE-470B-8B60-F41F3CB0DA85}.AppStore|x86.ActiveCfg = Release|x86
		{B8D15188-F8DE-470B-8B60-F41F3CB0DA85}.AppStore|x86.Build.0 = Release|x86
		{B8D15188-F8DE-470B-8B60-F41F3CB0DA85}.Debug|Any CPU.ActiveCfg = Debug|x86
		{B8D15188-F8DE-470B-8B60-F41F3CB0DA85}.Debug|iPhone.ActiveCfg = Debug|x86
		{B8D15188-F8DE-470B-8B60-F41F3CB0DA85}.Debug|iPhoneSimulator.ActiveCfg = Debug|x86
		{B8D15188-F8DE-470B-8B60-F41F3CB0DA85}.Debug|x86.ActiveCfg = Debug|x86
		{B8D15188-F8DE-470B-8B60-F41F3CB0DA85}.Debug|x86.Build.0 = Debug|x86
		{B8D15188-F8DE-470B-8B60-F41F3CB0DA85}.Release|Any CPU.ActiveCfg = Release|x86
		{B8D15188-F8DE-470B-8B60-F41F3CB0DA85}.Release|iPhone.ActiveCfg = Release|x86
		{B8D15188-F8DE-470B-8B60-F41F3CB0DA85}.Release|iPhoneSimulator.ActiveCfg = Release|x86
		{B8D15188-F8DE-470B-8B60-F41F3CB0DA85}.Release|x86.ActiveCfg = Release|x86
		{B8D15188-F8DE-470B-8B60-F41F3CB0DA85}.Release|x86.Build.0 = Release|x86
		{B8D15188-F8DE-470B-8B60-F41F3CB0DA85}.Standalone|Any CPU.ActiveCfg = Release|x86
		{B8D15188-F8DE-470B-8B60-F41F3CB0DA85}.Standalone|Any CPU.Build.0 = Release|x86
		{B8D15188-F8DE-470B-8B60-F41F3CB0DA85}.Standalone|iPhone.ActiveCfg = Release|x86
		{B8D15188-F8DE-470B-8B60-F41F3CB0DA85}.Standalone|iPhone.Build.0 = Release|x86
		{B8D15188-F8DE-470B-8B60-F41F3CB0DA85}.Standalone|iPhoneSimulator.ActiveCfg = Release|x86
		{B8D15188-F8DE-470B-8B60-F41F3CB0DA85}.Standalone|iPhoneSimulator.Build.0 = Release|x86
		{B8D15188-F8DE-470B-8B60-F41F3CB0DA85}.Standalone|x86.ActiveCfg = Release|x86
		{B8D15188-F8DE-470B-8B60-F41F3CB0DA85}.Standalone|x86.Build.0 = Release|x86
		{E1FD3705-749B-4E56-8A09-3D067DE5184D}.Ad-Hoc|Any CPU.ActiveCfg = Release|Any CPU
		{E1FD3705-749B-4E56-8A09-3D067DE5184D}.Ad-Hoc|Any CPU.Build.0 = Release|Any CPU
		{E1FD3705-749B-4E56-8A09-3D067DE5184D}.Ad-Hoc|iPhone.ActiveCfg = Debug|Any CPU
		{E1FD3705-749B-4E56-8A09-3D067DE5184D}.Ad-Hoc|iPhone.Build.0 = Debug|Any CPU
		{E1FD3705-749B-4E56-8A09-3D067DE5184D}.Ad-Hoc|iPhoneSimulator.ActiveCfg = Release|Any CPU
		{E1FD3705-749B-4E56-8A09-3D067DE5184D}.Ad-Hoc|iPhoneSimulator.Build.0 = Release|Any CPU
		{E1FD3705-749B-4E56-8A09-3D067DE5184D}.Ad-Hoc|x86.ActiveCfg = Release|Any CPU
		{E1FD3705-749B-4E56-8A09-3D067DE5184D}.Ad-Hoc|x86.Build.0 = Release|Any CPU
		{E1FD3705-749B-4E56-8A09-3D067DE5184D}.AppStore|Any CPU.ActiveCfg = Release|Any CPU
		{E1FD3705-749B-4E56-8A09-3D067DE5184D}.AppStore|Any CPU.Build.0 = Release|Any CPU
		{E1FD3705-749B-4E56-8A09-3D067DE5184D}.AppStore|iPhone.ActiveCfg = Debug|Any CPU
		{E1FD3705-749B-4E56-8A09-3D067DE5184D}.AppStore|iPhone.Build.0 = Debug|Any CPU
		{E1FD3705-749B-4E56-8A09-3D067DE5184D}.AppStore|iPhoneSimulator.ActiveCfg = Release|Any CPU
		{E1FD3705-749B-4E56-8A09-3D067DE5184D}.AppStore|iPhoneSimulator.Build.0 = Release|Any CPU
		{E1FD3705-749B-4E56-8A09-3D067DE5184D}.AppStore|x86.ActiveCfg = Release|Any CPU
		{E1FD3705-749B-4E56-8A09-3D067DE5184D}.AppStore|x86.Build.0 = Release|Any CPU
		{E1FD3705-749B-4E56-8A09-3D067DE5184D}.Debug|Any CPU.ActiveCfg = Debug|Any CPU
		{E1FD3705-749B-4E56-8A09-3D067DE5184D}.Debug|Any CPU.Build.0 = Debug|Any CPU
		{E1FD3705-749B-4E56-8A09-3D067DE5184D}.Debug|iPhone.ActiveCfg = Debug|Any CPU
		{E1FD3705-749B-4E56-8A09-3D067DE5184D}.Debug|iPhone.Build.0 = Debug|Any CPU
		{E1FD3705-749B-4E56-8A09-3D067DE5184D}.Debug|iPhoneSimulator.ActiveCfg = Debug|Any CPU
		{E1FD3705-749B-4E56-8A09-3D067DE5184D}.Debug|iPhoneSimulator.Build.0 = Debug|Any CPU
		{E1FD3705-749B-4E56-8A09-3D067DE5184D}.Debug|x86.ActiveCfg = Debug|Any CPU
		{E1FD3705-749B-4E56-8A09-3D067DE5184D}.Debug|x86.Build.0 = Debug|Any CPU
		{E1FD3705-749B-4E56-8A09-3D067DE5184D}.Release|Any CPU.ActiveCfg = Release|Any CPU
		{E1FD3705-749B-4E56-8A09-3D067DE5184D}.Release|Any CPU.Build.0 = Release|Any CPU
		{E1FD3705-749B-4E56-8A09-3D067DE5184D}.Release|iPhone.ActiveCfg = Release|Any CPU
		{E1FD3705-749B-4E56-8A09-3D067DE5184D}.Release|iPhone.Build.0 = Release|Any CPU
		{E1FD3705-749B-4E56-8A09-3D067DE5184D}.Release|iPhoneSimulator.ActiveCfg = Release|Any CPU
		{E1FD3705-749B-4E56-8A09-3D067DE5184D}.Release|iPhoneSimulator.Build.0 = Release|Any CPU
		{E1FD3705-749B-4E56-8A09-3D067DE5184D}.Release|x86.ActiveCfg = Release|Any CPU
		{E1FD3705-749B-4E56-8A09-3D067DE5184D}.Release|x86.Build.0 = Release|Any CPU
		{E1FD3705-749B-4E56-8A09-3D067DE5184D}.Standalone|Any CPU.ActiveCfg = Debug|Any CPU
		{E1FD3705-749B-4E56-8A09-3D067DE5184D}.Standalone|Any CPU.Build.0 = Debug|Any CPU
		{E1FD3705-749B-4E56-8A09-3D067DE5184D}.Standalone|iPhone.ActiveCfg = Release|Any CPU
		{E1FD3705-749B-4E56-8A09-3D067DE5184D}.Standalone|iPhone.Build.0 = Release|Any CPU
		{E1FD3705-749B-4E56-8A09-3D067DE5184D}.Standalone|iPhoneSimulator.ActiveCfg = Release|Any CPU
		{E1FD3705-749B-4E56-8A09-3D067DE5184D}.Standalone|iPhoneSimulator.Build.0 = Release|Any CPU
		{E1FD3705-749B-4E56-8A09-3D067DE5184D}.Standalone|x86.ActiveCfg = Release|Any CPU
		{E1FD3705-749B-4E56-8A09-3D067DE5184D}.Standalone|x86.Build.0 = Release|Any CPU
		{CFCA35FD-7D79-4DD6-8208-91F701DCAC1E}.Ad-Hoc|Any CPU.ActiveCfg = Release|Any CPU
		{CFCA35FD-7D79-4DD6-8208-91F701DCAC1E}.Ad-Hoc|Any CPU.Build.0 = Release|Any CPU
		{CFCA35FD-7D79-4DD6-8208-91F701DCAC1E}.Ad-Hoc|Any CPU.Deploy.0 = Release|Any CPU
		{CFCA35FD-7D79-4DD6-8208-91F701DCAC1E}.Ad-Hoc|iPhone.ActiveCfg = Debug|Any CPU
		{CFCA35FD-7D79-4DD6-8208-91F701DCAC1E}.Ad-Hoc|iPhone.Build.0 = Debug|Any CPU
		{CFCA35FD-7D79-4DD6-8208-91F701DCAC1E}.Ad-Hoc|iPhoneSimulator.ActiveCfg = Release|Any CPU
		{CFCA35FD-7D79-4DD6-8208-91F701DCAC1E}.Ad-Hoc|iPhoneSimulator.Build.0 = Release|Any CPU
		{CFCA35FD-7D79-4DD6-8208-91F701DCAC1E}.Ad-Hoc|iPhoneSimulator.Deploy.0 = Release|Any CPU
		{CFCA35FD-7D79-4DD6-8208-91F701DCAC1E}.Ad-Hoc|x86.ActiveCfg = Release|Any CPU
		{CFCA35FD-7D79-4DD6-8208-91F701DCAC1E}.Ad-Hoc|x86.Build.0 = Release|Any CPU
		{CFCA35FD-7D79-4DD6-8208-91F701DCAC1E}.Ad-Hoc|x86.Deploy.0 = Release|Any CPU
		{CFCA35FD-7D79-4DD6-8208-91F701DCAC1E}.AppStore|Any CPU.ActiveCfg = Release|Any CPU
		{CFCA35FD-7D79-4DD6-8208-91F701DCAC1E}.AppStore|Any CPU.Build.0 = Release|Any CPU
		{CFCA35FD-7D79-4DD6-8208-91F701DCAC1E}.AppStore|Any CPU.Deploy.0 = Release|Any CPU
		{CFCA35FD-7D79-4DD6-8208-91F701DCAC1E}.AppStore|iPhone.ActiveCfg = Debug|Any CPU
		{CFCA35FD-7D79-4DD6-8208-91F701DCAC1E}.AppStore|iPhone.Build.0 = Debug|Any CPU
		{CFCA35FD-7D79-4DD6-8208-91F701DCAC1E}.AppStore|iPhoneSimulator.ActiveCfg = Release|Any CPU
		{CFCA35FD-7D79-4DD6-8208-91F701DCAC1E}.AppStore|iPhoneSimulator.Build.0 = Release|Any CPU
		{CFCA35FD-7D79-4DD6-8208-91F701DCAC1E}.AppStore|iPhoneSimulator.Deploy.0 = Release|Any CPU
		{CFCA35FD-7D79-4DD6-8208-91F701DCAC1E}.AppStore|x86.ActiveCfg = Release|Any CPU
		{CFCA35FD-7D79-4DD6-8208-91F701DCAC1E}.AppStore|x86.Build.0 = Release|Any CPU
		{CFCA35FD-7D79-4DD6-8208-91F701DCAC1E}.AppStore|x86.Deploy.0 = Release|Any CPU
		{CFCA35FD-7D79-4DD6-8208-91F701DCAC1E}.Debug|Any CPU.ActiveCfg = Debug|Any CPU
		{CFCA35FD-7D79-4DD6-8208-91F701DCAC1E}.Debug|Any CPU.Build.0 = Debug|Any CPU
		{CFCA35FD-7D79-4DD6-8208-91F701DCAC1E}.Debug|iPhone.ActiveCfg = Debug|Any CPU
		{CFCA35FD-7D79-4DD6-8208-91F701DCAC1E}.Debug|iPhone.Build.0 = Debug|Any CPU
		{CFCA35FD-7D79-4DD6-8208-91F701DCAC1E}.Debug|iPhoneSimulator.ActiveCfg = Debug|Any CPU
		{CFCA35FD-7D79-4DD6-8208-91F701DCAC1E}.Debug|iPhoneSimulator.Build.0 = Debug|Any CPU
		{CFCA35FD-7D79-4DD6-8208-91F701DCAC1E}.Debug|x86.ActiveCfg = Debug|Any CPU
		{CFCA35FD-7D79-4DD6-8208-91F701DCAC1E}.Debug|x86.Build.0 = Debug|Any CPU
		{CFCA35FD-7D79-4DD6-8208-91F701DCAC1E}.Release|Any CPU.ActiveCfg = Release|Any CPU
		{CFCA35FD-7D79-4DD6-8208-91F701DCAC1E}.Release|Any CPU.Build.0 = Release|Any CPU
		{CFCA35FD-7D79-4DD6-8208-91F701DCAC1E}.Release|iPhone.ActiveCfg = Release|Any CPU
		{CFCA35FD-7D79-4DD6-8208-91F701DCAC1E}.Release|iPhone.Build.0 = Release|Any CPU
		{CFCA35FD-7D79-4DD6-8208-91F701DCAC1E}.Release|iPhoneSimulator.ActiveCfg = Release|Any CPU
		{CFCA35FD-7D79-4DD6-8208-91F701DCAC1E}.Release|iPhoneSimulator.Build.0 = Release|Any CPU
		{CFCA35FD-7D79-4DD6-8208-91F701DCAC1E}.Release|x86.ActiveCfg = Release|Any CPU
		{CFCA35FD-7D79-4DD6-8208-91F701DCAC1E}.Release|x86.Build.0 = Release|Any CPU
		{CFCA35FD-7D79-4DD6-8208-91F701DCAC1E}.Standalone|Any CPU.ActiveCfg = Debug|Any CPU
		{CFCA35FD-7D79-4DD6-8208-91F701DCAC1E}.Standalone|Any CPU.Build.0 = Debug|Any CPU
		{CFCA35FD-7D79-4DD6-8208-91F701DCAC1E}.Standalone|iPhone.ActiveCfg = Release|Any CPU
		{CFCA35FD-7D79-4DD6-8208-91F701DCAC1E}.Standalone|iPhone.Build.0 = Release|Any CPU
		{CFCA35FD-7D79-4DD6-8208-91F701DCAC1E}.Standalone|iPhoneSimulator.ActiveCfg = Release|Any CPU
		{CFCA35FD-7D79-4DD6-8208-91F701DCAC1E}.Standalone|iPhoneSimulator.Build.0 = Release|Any CPU
		{CFCA35FD-7D79-4DD6-8208-91F701DCAC1E}.Standalone|x86.ActiveCfg = Release|Any CPU
		{CFCA35FD-7D79-4DD6-8208-91F701DCAC1E}.Standalone|x86.Build.0 = Release|Any CPU
		{F6A287A7-A8EF-4890-940E-64C069B86B1C}.Ad-Hoc|Any CPU.ActiveCfg = Ad-Hoc|iPhoneSimulator
		{F6A287A7-A8EF-4890-940E-64C069B86B1C}.Ad-Hoc|iPhone.ActiveCfg = Ad-Hoc|iPhone
		{F6A287A7-A8EF-4890-940E-64C069B86B1C}.Ad-Hoc|iPhone.Build.0 = Ad-Hoc|iPhone
		{F6A287A7-A8EF-4890-940E-64C069B86B1C}.Ad-Hoc|iPhoneSimulator.ActiveCfg = Ad-Hoc|iPhoneSimulator
		{F6A287A7-A8EF-4890-940E-64C069B86B1C}.Ad-Hoc|iPhoneSimulator.Build.0 = Ad-Hoc|iPhoneSimulator
		{F6A287A7-A8EF-4890-940E-64C069B86B1C}.Ad-Hoc|x86.ActiveCfg = Ad-Hoc|iPhoneSimulator
		{F6A287A7-A8EF-4890-940E-64C069B86B1C}.AppStore|Any CPU.ActiveCfg = AppStore|iPhoneSimulator
		{F6A287A7-A8EF-4890-940E-64C069B86B1C}.AppStore|iPhone.ActiveCfg = AppStore|iPhone
		{F6A287A7-A8EF-4890-940E-64C069B86B1C}.AppStore|iPhone.Build.0 = AppStore|iPhone
		{F6A287A7-A8EF-4890-940E-64C069B86B1C}.AppStore|iPhoneSimulator.ActiveCfg = AppStore|iPhoneSimulator
		{F6A287A7-A8EF-4890-940E-64C069B86B1C}.AppStore|iPhoneSimulator.Build.0 = AppStore|iPhoneSimulator
		{F6A287A7-A8EF-4890-940E-64C069B86B1C}.AppStore|x86.ActiveCfg = AppStore|iPhoneSimulator
		{F6A287A7-A8EF-4890-940E-64C069B86B1C}.Debug|Any CPU.ActiveCfg = Debug|iPhoneSimulator
		{F6A287A7-A8EF-4890-940E-64C069B86B1C}.Debug|Any CPU.Build.0 = Debug|iPhoneSimulator
		{F6A287A7-A8EF-4890-940E-64C069B86B1C}.Debug|iPhone.ActiveCfg = Debug|iPhone
		{F6A287A7-A8EF-4890-940E-64C069B86B1C}.Debug|iPhone.Build.0 = Debug|iPhone
		{F6A287A7-A8EF-4890-940E-64C069B86B1C}.Debug|iPhoneSimulator.ActiveCfg = Debug|iPhoneSimulator
		{F6A287A7-A8EF-4890-940E-64C069B86B1C}.Debug|iPhoneSimulator.Build.0 = Debug|iPhoneSimulator
		{F6A287A7-A8EF-4890-940E-64C069B86B1C}.Debug|x86.ActiveCfg = Debug|iPhoneSimulator
		{F6A287A7-A8EF-4890-940E-64C069B86B1C}.Debug|x86.Build.0 = Debug|iPhoneSimulator
		{F6A287A7-A8EF-4890-940E-64C069B86B1C}.Release|Any CPU.ActiveCfg = Release|iPhoneSimulator
		{F6A287A7-A8EF-4890-940E-64C069B86B1C}.Release|Any CPU.Build.0 = Release|iPhoneSimulator
		{F6A287A7-A8EF-4890-940E-64C069B86B1C}.Release|iPhone.ActiveCfg = Release|iPhone
		{F6A287A7-A8EF-4890-940E-64C069B86B1C}.Release|iPhone.Build.0 = Release|iPhone
		{F6A287A7-A8EF-4890-940E-64C069B86B1C}.Release|iPhoneSimulator.ActiveCfg = Release|iPhoneSimulator
		{F6A287A7-A8EF-4890-940E-64C069B86B1C}.Release|iPhoneSimulator.Build.0 = Release|iPhoneSimulator
		{F6A287A7-A8EF-4890-940E-64C069B86B1C}.Release|x86.ActiveCfg = Release|iPhoneSimulator
		{F6A287A7-A8EF-4890-940E-64C069B86B1C}.Release|x86.Build.0 = Release|iPhoneSimulator
		{F6A287A7-A8EF-4890-940E-64C069B86B1C}.Standalone|Any CPU.ActiveCfg = Debug|iPhoneSimulator
		{F6A287A7-A8EF-4890-940E-64C069B86B1C}.Standalone|Any CPU.Build.0 = Debug|iPhoneSimulator
		{F6A287A7-A8EF-4890-940E-64C069B86B1C}.Standalone|iPhone.ActiveCfg = Debug|iPhone
		{F6A287A7-A8EF-4890-940E-64C069B86B1C}.Standalone|iPhone.Build.0 = Debug|iPhone
		{F6A287A7-A8EF-4890-940E-64C069B86B1C}.Standalone|iPhoneSimulator.ActiveCfg = Debug|iPhoneSimulator
		{F6A287A7-A8EF-4890-940E-64C069B86B1C}.Standalone|iPhoneSimulator.Build.0 = Debug|iPhoneSimulator
		{F6A287A7-A8EF-4890-940E-64C069B86B1C}.Standalone|x86.ActiveCfg = Debug|iPhoneSimulator
		{F6A287A7-A8EF-4890-940E-64C069B86B1C}.Standalone|x86.Build.0 = Debug|iPhoneSimulator
		{B19C892E-2628-4CA7-AD27-08D406A3B14B}.Ad-Hoc|Any CPU.ActiveCfg = Release|Any CPU
		{B19C892E-2628-4CA7-AD27-08D406A3B14B}.Ad-Hoc|Any CPU.Build.0 = Release|Any CPU
		{B19C892E-2628-4CA7-AD27-08D406A3B14B}.Ad-Hoc|iPhone.ActiveCfg = Debug|Any CPU
		{B19C892E-2628-4CA7-AD27-08D406A3B14B}.Ad-Hoc|iPhone.Build.0 = Debug|Any CPU
		{B19C892E-2628-4CA7-AD27-08D406A3B14B}.Ad-Hoc|iPhoneSimulator.ActiveCfg = Release|Any CPU
		{B19C892E-2628-4CA7-AD27-08D406A3B14B}.Ad-Hoc|iPhoneSimulator.Build.0 = Release|Any CPU
		{B19C892E-2628-4CA7-AD27-08D406A3B14B}.Ad-Hoc|x86.ActiveCfg = Release|Any CPU
		{B19C892E-2628-4CA7-AD27-08D406A3B14B}.Ad-Hoc|x86.Build.0 = Release|Any CPU
		{B19C892E-2628-4CA7-AD27-08D406A3B14B}.AppStore|Any CPU.ActiveCfg = Release|Any CPU
		{B19C892E-2628-4CA7-AD27-08D406A3B14B}.AppStore|Any CPU.Build.0 = Release|Any CPU
		{B19C892E-2628-4CA7-AD27-08D406A3B14B}.AppStore|iPhone.ActiveCfg = Debug|Any CPU
		{B19C892E-2628-4CA7-AD27-08D406A3B14B}.AppStore|iPhone.Build.0 = Debug|Any CPU
		{B19C892E-2628-4CA7-AD27-08D406A3B14B}.AppStore|iPhoneSimulator.ActiveCfg = Release|Any CPU
		{B19C892E-2628-4CA7-AD27-08D406A3B14B}.AppStore|iPhoneSimulator.Build.0 = Release|Any CPU
		{B19C892E-2628-4CA7-AD27-08D406A3B14B}.AppStore|x86.ActiveCfg = Release|Any CPU
		{B19C892E-2628-4CA7-AD27-08D406A3B14B}.AppStore|x86.Build.0 = Release|Any CPU
		{B19C892E-2628-4CA7-AD27-08D406A3B14B}.Debug|Any CPU.ActiveCfg = Debug|Any CPU
		{B19C892E-2628-4CA7-AD27-08D406A3B14B}.Debug|Any CPU.Build.0 = Debug|Any CPU
		{B19C892E-2628-4CA7-AD27-08D406A3B14B}.Debug|iPhone.ActiveCfg = Debug|Any CPU
		{B19C892E-2628-4CA7-AD27-08D406A3B14B}.Debug|iPhone.Build.0 = Debug|Any CPU
		{B19C892E-2628-4CA7-AD27-08D406A3B14B}.Debug|iPhoneSimulator.ActiveCfg = Debug|Any CPU
		{B19C892E-2628-4CA7-AD27-08D406A3B14B}.Debug|iPhoneSimulator.Build.0 = Debug|Any CPU
		{B19C892E-2628-4CA7-AD27-08D406A3B14B}.Debug|x86.ActiveCfg = Debug|Any CPU
		{B19C892E-2628-4CA7-AD27-08D406A3B14B}.Debug|x86.Build.0 = Debug|Any CPU
		{B19C892E-2628-4CA7-AD27-08D406A3B14B}.Release|Any CPU.ActiveCfg = Release|Any CPU
		{B19C892E-2628-4CA7-AD27-08D406A3B14B}.Release|Any CPU.Build.0 = Release|Any CPU
		{B19C892E-2628-4CA7-AD27-08D406A3B14B}.Release|iPhone.ActiveCfg = Release|Any CPU
		{B19C892E-2628-4CA7-AD27-08D406A3B14B}.Release|iPhone.Build.0 = Release|Any CPU
		{B19C892E-2628-4CA7-AD27-08D406A3B14B}.Release|iPhoneSimulator.ActiveCfg = Release|Any CPU
		{B19C892E-2628-4CA7-AD27-08D406A3B14B}.Release|iPhoneSimulator.Build.0 = Release|Any CPU
		{B19C892E-2628-4CA7-AD27-08D406A3B14B}.Release|x86.ActiveCfg = Release|Any CPU
		{B19C892E-2628-4CA7-AD27-08D406A3B14B}.Release|x86.Build.0 = Release|Any CPU
		{B19C892E-2628-4CA7-AD27-08D406A3B14B}.Standalone|Any CPU.ActiveCfg = Debug|Any CPU
		{B19C892E-2628-4CA7-AD27-08D406A3B14B}.Standalone|Any CPU.Build.0 = Debug|Any CPU
		{B19C892E-2628-4CA7-AD27-08D406A3B14B}.Standalone|iPhone.ActiveCfg = Release|Any CPU
		{B19C892E-2628-4CA7-AD27-08D406A3B14B}.Standalone|iPhone.Build.0 = Release|Any CPU
		{B19C892E-2628-4CA7-AD27-08D406A3B14B}.Standalone|iPhoneSimulator.ActiveCfg = Release|Any CPU
		{B19C892E-2628-4CA7-AD27-08D406A3B14B}.Standalone|iPhoneSimulator.Build.0 = Release|Any CPU
		{B19C892E-2628-4CA7-AD27-08D406A3B14B}.Standalone|x86.ActiveCfg = Release|Any CPU
		{B19C892E-2628-4CA7-AD27-08D406A3B14B}.Standalone|x86.Build.0 = Release|Any CPU
		{88D40798-93A7-4FD9-AFC6-2133B7051B42}.Ad-Hoc|Any CPU.ActiveCfg = Release|Any CPU
		{88D40798-93A7-4FD9-AFC6-2133B7051B42}.Ad-Hoc|Any CPU.Build.0 = Release|Any CPU
		{88D40798-93A7-4FD9-AFC6-2133B7051B42}.Ad-Hoc|iPhone.ActiveCfg = Debug|Any CPU
		{88D40798-93A7-4FD9-AFC6-2133B7051B42}.Ad-Hoc|iPhone.Build.0 = Debug|Any CPU
		{88D40798-93A7-4FD9-AFC6-2133B7051B42}.Ad-Hoc|iPhoneSimulator.ActiveCfg = Release|Any CPU
		{88D40798-93A7-4FD9-AFC6-2133B7051B42}.Ad-Hoc|iPhoneSimulator.Build.0 = Release|Any CPU
		{88D40798-93A7-4FD9-AFC6-2133B7051B42}.Ad-Hoc|x86.ActiveCfg = Release|Any CPU
		{88D40798-93A7-4FD9-AFC6-2133B7051B42}.Ad-Hoc|x86.Build.0 = Release|Any CPU
		{88D40798-93A7-4FD9-AFC6-2133B7051B42}.AppStore|Any CPU.ActiveCfg = Release|Any CPU
		{88D40798-93A7-4FD9-AFC6-2133B7051B42}.AppStore|Any CPU.Build.0 = Release|Any CPU
		{88D40798-93A7-4FD9-AFC6-2133B7051B42}.AppStore|iPhone.ActiveCfg = Debug|Any CPU
		{88D40798-93A7-4FD9-AFC6-2133B7051B42}.AppStore|iPhone.Build.0 = Debug|Any CPU
		{88D40798-93A7-4FD9-AFC6-2133B7051B42}.AppStore|iPhoneSimulator.ActiveCfg = Release|Any CPU
		{88D40798-93A7-4FD9-AFC6-2133B7051B42}.AppStore|iPhoneSimulator.Build.0 = Release|Any CPU
		{88D40798-93A7-4FD9-AFC6-2133B7051B42}.AppStore|x86.ActiveCfg = Release|Any CPU
		{88D40798-93A7-4FD9-AFC6-2133B7051B42}.AppStore|x86.Build.0 = Release|Any CPU
		{88D40798-93A7-4FD9-AFC6-2133B7051B42}.Debug|Any CPU.ActiveCfg = Debug|Any CPU
		{88D40798-93A7-4FD9-AFC6-2133B7051B42}.Debug|Any CPU.Build.0 = Debug|Any CPU
		{88D40798-93A7-4FD9-AFC6-2133B7051B42}.Debug|iPhone.ActiveCfg = Debug|Any CPU
		{88D40798-93A7-4FD9-AFC6-2133B7051B42}.Debug|iPhone.Build.0 = Debug|Any CPU
		{88D40798-93A7-4FD9-AFC6-2133B7051B42}.Debug|iPhoneSimulator.ActiveCfg = Debug|Any CPU
		{88D40798-93A7-4FD9-AFC6-2133B7051B42}.Debug|iPhoneSimulator.Build.0 = Debug|Any CPU
		{88D40798-93A7-4FD9-AFC6-2133B7051B42}.Debug|x86.ActiveCfg = Debug|Any CPU
		{88D40798-93A7-4FD9-AFC6-2133B7051B42}.Debug|x86.Build.0 = Debug|Any CPU
		{88D40798-93A7-4FD9-AFC6-2133B7051B42}.Release|Any CPU.ActiveCfg = Release|Any CPU
		{88D40798-93A7-4FD9-AFC6-2133B7051B42}.Release|Any CPU.Build.0 = Release|Any CPU
		{88D40798-93A7-4FD9-AFC6-2133B7051B42}.Release|iPhone.ActiveCfg = Release|Any CPU
		{88D40798-93A7-4FD9-AFC6-2133B7051B42}.Release|iPhone.Build.0 = Release|Any CPU
		{88D40798-93A7-4FD9-AFC6-2133B7051B42}.Release|iPhoneSimulator.ActiveCfg = Release|Any CPU
		{88D40798-93A7-4FD9-AFC6-2133B7051B42}.Release|iPhoneSimulator.Build.0 = Release|Any CPU
		{88D40798-93A7-4FD9-AFC6-2133B7051B42}.Release|x86.ActiveCfg = Release|Any CPU
		{88D40798-93A7-4FD9-AFC6-2133B7051B42}.Release|x86.Build.0 = Release|Any CPU
		{88D40798-93A7-4FD9-AFC6-2133B7051B42}.Standalone|Any CPU.ActiveCfg = Debug|Any CPU
		{88D40798-93A7-4FD9-AFC6-2133B7051B42}.Standalone|Any CPU.Build.0 = Debug|Any CPU
		{88D40798-93A7-4FD9-AFC6-2133B7051B42}.Standalone|iPhone.ActiveCfg = Release|Any CPU
		{88D40798-93A7-4FD9-AFC6-2133B7051B42}.Standalone|iPhone.Build.0 = Release|Any CPU
		{88D40798-93A7-4FD9-AFC6-2133B7051B42}.Standalone|iPhoneSimulator.ActiveCfg = Release|Any CPU
		{88D40798-93A7-4FD9-AFC6-2133B7051B42}.Standalone|iPhoneSimulator.Build.0 = Release|Any CPU
		{88D40798-93A7-4FD9-AFC6-2133B7051B42}.Standalone|x86.ActiveCfg = Release|Any CPU
		{88D40798-93A7-4FD9-AFC6-2133B7051B42}.Standalone|x86.Build.0 = Release|Any CPU
		{C0A5A19B-954D-4693-AB1A-75DA43A49BFA}.Ad-Hoc|Any CPU.ActiveCfg = Release|Any CPU
		{C0A5A19B-954D-4693-AB1A-75DA43A49BFA}.Ad-Hoc|Any CPU.Build.0 = Release|Any CPU
		{C0A5A19B-954D-4693-AB1A-75DA43A49BFA}.Ad-Hoc|iPhone.ActiveCfg = Debug|Any CPU
		{C0A5A19B-954D-4693-AB1A-75DA43A49BFA}.Ad-Hoc|iPhone.Build.0 = Debug|Any CPU
		{C0A5A19B-954D-4693-AB1A-75DA43A49BFA}.Ad-Hoc|iPhoneSimulator.ActiveCfg = Release|Any CPU
		{C0A5A19B-954D-4693-AB1A-75DA43A49BFA}.Ad-Hoc|iPhoneSimulator.Build.0 = Release|Any CPU
		{C0A5A19B-954D-4693-AB1A-75DA43A49BFA}.Ad-Hoc|x86.ActiveCfg = Release|Any CPU
		{C0A5A19B-954D-4693-AB1A-75DA43A49BFA}.Ad-Hoc|x86.Build.0 = Release|Any CPU
		{C0A5A19B-954D-4693-AB1A-75DA43A49BFA}.AppStore|Any CPU.ActiveCfg = Release|Any CPU
		{C0A5A19B-954D-4693-AB1A-75DA43A49BFA}.AppStore|Any CPU.Build.0 = Release|Any CPU
		{C0A5A19B-954D-4693-AB1A-75DA43A49BFA}.AppStore|iPhone.ActiveCfg = Debug|Any CPU
		{C0A5A19B-954D-4693-AB1A-75DA43A49BFA}.AppStore|iPhone.Build.0 = Debug|Any CPU
		{C0A5A19B-954D-4693-AB1A-75DA43A49BFA}.AppStore|iPhoneSimulator.ActiveCfg = Release|Any CPU
		{C0A5A19B-954D-4693-AB1A-75DA43A49BFA}.AppStore|iPhoneSimulator.Build.0 = Release|Any CPU
		{C0A5A19B-954D-4693-AB1A-75DA43A49BFA}.AppStore|x86.ActiveCfg = Release|Any CPU
		{C0A5A19B-954D-4693-AB1A-75DA43A49BFA}.AppStore|x86.Build.0 = Release|Any CPU
		{C0A5A19B-954D-4693-AB1A-75DA43A49BFA}.Debug|Any CPU.ActiveCfg = Debug|Any CPU
		{C0A5A19B-954D-4693-AB1A-75DA43A49BFA}.Debug|Any CPU.Build.0 = Debug|Any CPU
		{C0A5A19B-954D-4693-AB1A-75DA43A49BFA}.Debug|iPhone.ActiveCfg = Debug|Any CPU
		{C0A5A19B-954D-4693-AB1A-75DA43A49BFA}.Debug|iPhone.Build.0 = Debug|Any CPU
		{C0A5A19B-954D-4693-AB1A-75DA43A49BFA}.Debug|iPhoneSimulator.ActiveCfg = Debug|Any CPU
		{C0A5A19B-954D-4693-AB1A-75DA43A49BFA}.Debug|iPhoneSimulator.Build.0 = Debug|Any CPU
		{C0A5A19B-954D-4693-AB1A-75DA43A49BFA}.Debug|x86.ActiveCfg = Debug|Any CPU
		{C0A5A19B-954D-4693-AB1A-75DA43A49BFA}.Debug|x86.Build.0 = Debug|Any CPU
		{C0A5A19B-954D-4693-AB1A-75DA43A49BFA}.Release|Any CPU.ActiveCfg = Release|Any CPU
		{C0A5A19B-954D-4693-AB1A-75DA43A49BFA}.Release|Any CPU.Build.0 = Release|Any CPU
		{C0A5A19B-954D-4693-AB1A-75DA43A49BFA}.Release|iPhone.ActiveCfg = Release|Any CPU
		{C0A5A19B-954D-4693-AB1A-75DA43A49BFA}.Release|iPhone.Build.0 = Release|Any CPU
		{C0A5A19B-954D-4693-AB1A-75DA43A49BFA}.Release|iPhoneSimulator.ActiveCfg = Release|Any CPU
		{C0A5A19B-954D-4693-AB1A-75DA43A49BFA}.Release|iPhoneSimulator.Build.0 = Release|Any CPU
		{C0A5A19B-954D-4693-AB1A-75DA43A49BFA}.Release|x86.ActiveCfg = Release|Any CPU
		{C0A5A19B-954D-4693-AB1A-75DA43A49BFA}.Release|x86.Build.0 = Release|Any CPU
		{C0A5A19B-954D-4693-AB1A-75DA43A49BFA}.Standalone|Any CPU.ActiveCfg = Debug|Any CPU
		{C0A5A19B-954D-4693-AB1A-75DA43A49BFA}.Standalone|Any CPU.Build.0 = Debug|Any CPU
		{C0A5A19B-954D-4693-AB1A-75DA43A49BFA}.Standalone|iPhone.ActiveCfg = Release|Any CPU
		{C0A5A19B-954D-4693-AB1A-75DA43A49BFA}.Standalone|iPhone.Build.0 = Release|Any CPU
		{C0A5A19B-954D-4693-AB1A-75DA43A49BFA}.Standalone|iPhoneSimulator.ActiveCfg = Release|Any CPU
		{C0A5A19B-954D-4693-AB1A-75DA43A49BFA}.Standalone|iPhoneSimulator.Build.0 = Release|Any CPU
		{C0A5A19B-954D-4693-AB1A-75DA43A49BFA}.Standalone|x86.ActiveCfg = Release|Any CPU
		{C0A5A19B-954D-4693-AB1A-75DA43A49BFA}.Standalone|x86.Build.0 = Release|Any CPU
	EndGlobalSection
	GlobalSection(SolutionProperties) = preSolution
		HideSolutionNode = FALSE
	EndGlobalSection
	GlobalSection(NestedProjects) = preSolution
		{387F2B2D-115F-4982-80DC-2B84443D6266} = {2A0F6C0B-7424-46D2-8ECC-960BB3490B4F}
		{7A41414D-77E2-4827-87A9-5E716A4A419D} = {2A0F6C0B-7424-46D2-8ECC-960BB3490B4F}
		{47C59A57-6220-4C6C-ADBB-5F1C038A3012} = {2A0F6C0B-7424-46D2-8ECC-960BB3490B4F}
		{E22FBA6B-804E-48C4-BF28-A4B8B6642461} = {C0614B59-7A6D-4A9E-BD85-ECA1B8560F41}
		{696EBE0F-E2AF-46D5-A577-D6FF2F2860A5} = {C0614B59-7A6D-4A9E-BD85-ECA1B8560F41}
		{D2A838BC-1003-4169-A2E0-16CE0A5326E1} = {C0614B59-7A6D-4A9E-BD85-ECA1B8560F41}
		{24C1E28F-25B3-4AD3-9053-A3CB307DEE54} = {2A0F6C0B-7424-46D2-8ECC-960BB3490B4F}
		{A2329308-3751-4DBD-9A75-5F7B8B024625} = {8F9B01B3-32BD-488B-B17F-84FF91202F20}
		{B8D15188-F8DE-470B-8B60-F41F3CB0DA85} = {5FA978B9-CD43-41E9-B372-E562A318FCCB}
		{E1FD3705-749B-4E56-8A09-3D067DE5184D} = {475DFE5F-90F8-424E-8A56-DC862274017D}
		{CFCA35FD-7D79-4DD6-8208-91F701DCAC1E} = {475DFE5F-90F8-424E-8A56-DC862274017D}
		{F6A287A7-A8EF-4890-940E-64C069B86B1C} = {475DFE5F-90F8-424E-8A56-DC862274017D}
		{B19C892E-2628-4CA7-AD27-08D406A3B14B} = {475DFE5F-90F8-424E-8A56-DC862274017D}
		{88D40798-93A7-4FD9-AFC6-2133B7051B42} = {2A0F6C0B-7424-46D2-8ECC-960BB3490B4F}
		{C0A5A19B-954D-4693-AB1A-75DA43A49BFA} = {2A0F6C0B-7424-46D2-8ECC-960BB3490B4F}
	EndGlobalSection
	GlobalSection(ExtensibilityGlobals) = postSolution
		SolutionGuid = {47857121-F23B-4FD1-B3FD-23A0B03BB92D}
	EndGlobalSection
EndGlobal
